
Microsoft Visual Studio Solution File, Format Version 12.00
# Visual Studio Version 17
VisualStudioVersion = 17.6.33717.318
MinimumVisualStudioVersion = 10.0.40219.1
Project("{9A19103F-16F7-4668-BE54-9A1E7A4F7556}") = "ProReferenceEquals", "ProDemo\ProReferenceEquals.csproj", "{09D6A5A6-06F1-48CC-9CCE-03DFAB8DAD8C}"
EndProject
Project("{9A19103F-16F7-4668-BE54-9A1E7A4F7556}") = "Expression", "ProDemo4\Expression.csproj", "{BDE719CC-4C31-4B42-8B85-3F0AA7F013CB}"
EndProject
Project("{9A19103F-16F7-4668-BE54-9A1E7A4F7556}") = "ProMiddleWare", "ProNetCore2\ProMiddleWare.csproj", "{4D0D1A58-CF94-426C-A571-3BE102678900}"
EndProject
Project("{9A19103F-16F7-4668-BE54-9A1E7A4F7556}") = "ProEventHandler", "ProException\ProEventHandler.csproj", "{86E1F509-A8B5-466B-9C75-FF8C506C8F5B}"
EndProject
Project("{9A19103F-16F7-4668-BE54-9A1E7A4F7556}") = "S3Storage", "S3Storage\S3Storage.csproj", "{7C784C93-6AB5-4342-B916-7E3A0886398E}"
EndProject
Project("{9A19103F-16F7-4668-BE54-9A1E7A4F7556}") = "ProLock", "ProLock\ProLock.csproj", "{1DA396B1-5A18-4779-B902-C893FA2DEBB9}"
EndProject
Project("{9A19103F-16F7-4668-BE54-9A1E7A4F7556}") = "ProEqual", "ProEventArgs\ProEqual.csproj", "{50F81B10-EFA0-4983-BCCF-9978EDB91A02}"
EndProject
Project("{9A19103F-16F7-4668-BE54-9A1E7A4F7556}") = "ProThreadResult", "ProThreadResult\ProThreadResult.csproj", "{2DE10180-3C10-4CCC-B61C-99450FD94256}"
EndProject
Project("{9A19103F-16F7-4668-BE54-9A1E7A4F7556}") = "ProDelegate", "ProDelagate\ProDelegate.csproj", "{3159AD36-F464-474D-8CBA-C4E1FB1EE61B}"
EndProject
Project("{9A19103F-16F7-4668-BE54-9A1E7A4F7556}") = "ProRabbitMq", "ProRabbitMq\ProRabbitMq.csproj", "{E782856A-E8C2-4BE4-B4BA-7FDE3911F1CA}"
EndProject
Project("{9A19103F-16F7-4668-BE54-9A1E7A4F7556}") = "ProAOP_Castle.DynamicProxy", "AOP\ProAOP_Castle.DynamicProxy.csproj", "{807D2092-41C1-44BF-9449-14CD1DCD4F30}"
EndProject
Project("{9A19103F-16F7-4668-BE54-9A1E7A4F7556}") = "ProSingletonStatic", "ProSingletonStatic\ProSingletonStatic.csproj", "{48E02B9D-10B0-471E-ACA3-CB592917E20D}"
EndProject
Project("{9A19103F-16F7-4668-BE54-9A1E7A4F7556}") = "FactoryPatter", "FactoryPatter\FactoryPatter.csproj", "{47DC4558-7849-46EA-A20E-8390E3F65DC2}"
EndProject
Project("{9A19103F-16F7-4668-BE54-9A1E7A4F7556}") = "ProCompareExchange", "Sha1\ProCompareExchange.csproj", "{ADE3AF0A-82DD-4B37-9F27-A35140924EF5}"
EndProject
Project("{9A19103F-16F7-4668-BE54-9A1E7A4F7556}") = "ProAOPCustomer", "AOP2\ProAOPCustomer.csproj", "{D425EB07-C4ED-4879-AD29-D11E92F95647}"
EndProject
Project("{9A19103F-16F7-4668-BE54-9A1E7A4F7556}") = "ProCustomMiddleware", "AOPNetCore\ProCustomMiddleware.csproj", "{996709D9-007B-4D86-B1BF-66554BB9B03A}"
EndProject
Project("{9A19103F-16F7-4668-BE54-9A1E7A4F7556}") = "CoreRateLimit", "AspNetCoreRateLimit\CoreRateLimit.csproj", "{63E31B12-08D8-44C8-ACCF-D00F11518642}"
EndProject
Project("{9A19103F-16F7-4668-BE54-9A1E7A4F7556}") = "ProCancellationTokenSource", "ProCancellationTokenSource\ProCancellationTokenSource.csproj", "{DCEA3857-E2AF-4118-B52B-C966E00DE18A}"
EndProject
Project("{9A19103F-16F7-4668-BE54-9A1E7A4F7556}") = "ProUseRun", "ProUseRun\ProUseRun.csproj", "{28F7CFCB-1366-4291-B09E-5AF38E203D57}"
EndProject
Project("{9A19103F-16F7-4668-BE54-9A1E7A4F7556}") = "ProJWT", "ProJWT\ProJWT.csproj", "{5E1193CB-8C87-49E0-B709-12274FA977D2}"
EndProject
Project("{9A19103F-16F7-4668-BE54-9A1E7A4F7556}") = "ProDES", "ProDES\ProDES.csproj", "{1B7487A0-5DB9-4659-912B-D7DE5EC77267}"
EndProject
Project("{9A19103F-16F7-4668-BE54-9A1E7A4F7556}") = "ProDisposable", "ProDisposable\ProDisposable.csproj", "{A94190EC-3CB8-45F4-AD94-F82218048D9C}"
EndProject
Project("{9A19103F-16F7-4668-BE54-9A1E7A4F7556}") = "ProSemaphore", "ProSemaphore\ProSemaphore.csproj", "{9AD5078F-0623-44B4-992A-3170563931BF}"
EndProject
Project("{9A19103F-16F7-4668-BE54-9A1E7A4F7556}") = "ProJsonSerializerSettings", "ProJsonSerializerSettings\ProJsonSerializerSettings.csproj", "{571492DF-D0DE-4D64-8F0A-B92726F4F18A}"
EndProject
Project("{9A19103F-16F7-4668-BE54-9A1E7A4F7556}") = "ProSpinLock", "ProSpinLock\ProSpinLock.csproj", "{9C263253-69BF-413D-8169-531B19E89877}"
EndProject
Project("{9A19103F-16F7-4668-BE54-9A1E7A4F7556}") = "ProCloneable", "ProCloneable\ProCloneable.csproj", "{71CDF183-7FE5-4FE6-987F-29AD92412A61}"
EndProject
Project("{9A19103F-16F7-4668-BE54-9A1E7A4F7556}") = "ProAbstract", "abstractClassDemo\ProAbstract.csproj", "{3A7740CE-F48C-42DB-A112-BA97CE724E3F}"
EndProject
Project("{9A19103F-16F7-4668-BE54-9A1E7A4F7556}") = "FastEndpointsDemo", "FastEndpointsDemo\FastEndpointsDemo.csproj", "{83083AE4-1A80-495D-8671-4FA42195A481}"
EndProject
Project("{9A19103F-16F7-4668-BE54-9A1E7A4F7556}") = "EndpointsFastWebApi", "FastEndpointsWebApi\EndpointsFastWebApi.csproj", "{67EDA9EC-F613-43A1-9D4B-FCEDB99818A6}"
EndProject
Project("{9A19103F-16F7-4668-BE54-9A1E7A4F7556}") = "FluentValidationDemo", "FluentValidationDemo\FluentValidationDemo.csproj", "{F524831F-793D-44D8-A595-F95A9DAD6343}"
EndProject
Project("{9A19103F-16F7-4668-BE54-9A1E7A4F7556}") = "FluentDataAnnotation", "FluentDataAnnotation\FluentDataAnnotation.csproj", "{B1D6DF79-5751-4171-B578-482F3567837E}"
EndProject
Project("{9A19103F-16F7-4668-BE54-9A1E7A4F7556}") = "JsonPolymorphicDemo", "JsonPolymorphicDemo\JsonPolymorphicDemo.csproj", "{7DE0A26D-15A7-4578-BE5B-76D4E3B3C2F8}"
EndProject
Project("{9A19103F-16F7-4668-BE54-9A1E7A4F7556}") = "AutoMapper", "AutoMapper\AutoMapper.csproj", "{1F71EF93-0D54-4719-A00E-2548BC02DAE1}"
EndProject
Project("{9A19103F-16F7-4668-BE54-9A1E7A4F7556}") = "SVGDemo", "SVGDemo\SVGDemo.csproj", "{E8A266FF-53C6-46D6-9169-A5BFD8D52C73}"
EndProject
Project("{9A19103F-16F7-4668-BE54-9A1E7A4F7556}") = "ProAspose.CAD", "ConsoleApp4\ProAspose.CAD.csproj", "{0A81F120-1CF3-4A55-AFF0-E52A48B9ADDA}"
EndProject
Project("{9A19103F-16F7-4668-BE54-9A1E7A4F7556}") = "DWGTOSVG", "DWGTOSVG\DWGTOSVG.csproj", "{1CDD9447-EEDD-45ED-9085-EE35874D0C15}"
EndProject
Project("{FAE04EC0-301F-11D3-BF4B-00C04F79EFBC}") = "cadTeigha", "cadTeigha\cadTeigha.csproj", "{7C7CD4D9-1ABA-4478-8EEC-2407561E52D1}"
EndProject
Project("{9A19103F-16F7-4668-BE54-9A1E7A4F7556}") = "GroupDocsConversion", "GroupDocsConversion\GroupDocsConversion.csproj", "{0F196A97-F2C7-4771-BF88-1B0EF1685224}"
EndProject
Project("{FAE04EC0-301F-11D3-BF4B-00C04F79EFBC}") = "TeighaConsole", "TeighaConsole\TeighaConsole.csproj", "{F79E0595-71F3-47EB-9B34-4662FEE5B161}"
EndProject
Project("{9A19103F-16F7-4668-BE54-9A1E7A4F7556}") = "UnitTest", "UnitTest\UnitTest.csproj", "{3485C68F-590D-45B7-A384-2D00C9BFBF71}"
EndProject
Project("{9A19103F-16F7-4668-BE54-9A1E7A4F7556}") = "UnitTestTests", "UnitTestTests\UnitTestTests.csproj", "{6B8186D4-A57D-4EE1-B7BF-439714EC6CEF}"
EndProject
Project("{9A19103F-16F7-4668-BE54-9A1E7A4F7556}") = "ExpressionTests", "ExpressionTests\ExpressionTests.csproj", "{7766B59D-196C-4B73-96D0-F74F382A1BC3}"
EndProject
Project("{9A19103F-16F7-4668-BE54-9A1E7A4F7556}") = "ProDecmialCompareToEqual", "ProDecmialCompareToEqual\ProDecmialCompareToEqual.csproj", "{CF58DB9B-0D87-4F03-B389-6BA9A12ED225}"
EndProject
Project("{9A19103F-16F7-4668-BE54-9A1E7A4F7556}") = "WebAppAOPDemo", "WebAppAOPDemo\WebAppAOPDemo.csproj", "{A8F12501-3540-4F40-BA55-D5633B649435}"
EndProject
Project("{9A19103F-16F7-4668-BE54-9A1E7A4F7556}") = "AsposeDemo", "AsposeDemo\AsposeDemo.csproj", "{605DA64F-AC01-45A9-96F1-370F8237932B}"
EndProject
Project("{9A19103F-16F7-4668-BE54-9A1E7A4F7556}") = "BenchmarkDotNetDemo", "BenchmarkDotNetDemo\BenchmarkDotNetDemo.csproj", "{348391B8-DAF1-457C-A8F1-9FAC52E370A7}"
EndProject
Project("{9A19103F-16F7-4668-BE54-9A1E7A4F7556}") = "System_Reflection", "System_Reflection\System_Reflection.csproj", "{172E0716-E2BD-4B96-82C7-C8457BDBD30B}"
EndProject
Project("{9A19103F-16F7-4668-BE54-9A1E7A4F7556}") = "System_Reflection_Library", "System_Reflection_Library\System_Reflection_Library.csproj", "{10E7EE05-CEDE-44D8-B9A4-66ADA7A155C8}"
EndProject
Project("{9A19103F-16F7-4668-BE54-9A1E7A4F7556}") = "ObserverPattern", "ObserverPattern\ObserverPattern.csproj", "{1BE2FFD8-966D-45BC-94A6-B3968A3C9758}"
EndProject
Project("{9A19103F-16F7-4668-BE54-9A1E7A4F7556}") = "ProRiderWebapi", "ProRiderWebapi\ProRiderWebapi.csproj", "{CAFEE8B1-7024-4FF6-9C77-D70F551BFEBA}"
EndProject
Project("{9A19103F-16F7-4668-BE54-9A1E7A4F7556}") = "ProRiderWebApplication", "ProRiderWebApplication\ProRiderWebApplication.csproj", "{8F765F2E-F8CC-4442-A6BF-A0A8AFC23691}"
EndProject
Project("{9A19103F-16F7-4668-BE54-9A1E7A4F7556}") = "DomainEventsDemo", "DomainEventsDemo\DomainEventsDemo.csproj", "{22541CFD-79B4-4DC0-B208-6BE0A673C1C0}"
EndProject
Project("{9A19103F-16F7-4668-BE54-9A1E7A4F7556}") = "LanguageLocalizationWeb", "LanguageLocalizationWeb\LanguageLocalizationWeb.csproj", "{359E3047-9C52-4090-83C7-9110879E7A51}"
EndProject
Project("{2150E333-8FDC-42A3-9474-1A3956D46DE8}") = "deviq", "deviq", "{A1BD563E-949F-43A8-A7C4-A00F0210884A}"
EndProject
Project("{9A19103F-16F7-4668-BE54-9A1E7A4F7556}") = "AbstractFactoryDesignPattern", "AbstractFactoryDesignPattern\AbstractFactoryDesignPattern.csproj", "{1ACD2CAB-8E39-405A-B2C0-10ABF52696F5}"
EndProject
Project("{9A19103F-16F7-4668-BE54-9A1E7A4F7556}") = "AdapterDesignPattern", "AdapterDesignPattern\AdapterDesignPattern.csproj", "{9539F101-C2AF-49B3-8CFA-1E6B92A15C16}"
EndProject
Project("{9A19103F-16F7-4668-BE54-9A1E7A4F7556}") = "SpecificationPattern", "SpecificationPattern\SpecificationPattern.csproj", "{3FEAF14F-ED5C-43DA-8550-2790AC0F71D7}"
EndProject
Project("{2150E333-8FDC-42A3-9474-1A3956D46DE8}") = "CleanArchitecture", "CleanArchitecture", "{19DC3D9B-840F-4B16-9641-09BDB9740DE7}"
EndProject
Project("{9A19103F-16F7-4668-BE54-9A1E7A4F7556}") = "CleanArchitecture", "CleanArchitecture\CleanArchitecture.csproj", "{58C3B1AB-0E76-4827-9BEF-8D34377F9853}"
EndProject
Project("{2150E333-8FDC-42A3-9474-1A3956D46DE8}") = "Core", "Core", "{38C115B1-5124-4ED0-B532-7B84540989F0}"
EndProject
Project("{9A19103F-16F7-4668-BE54-9A1E7A4F7556}") = "CleanArchitecture.Application", "CleanArchitecture.Application\CleanArchitecture.Application.csproj", "{4A7963B1-C506-4C0B-9582-2A790878651E}"
EndProject
Project("{9A19103F-16F7-4668-BE54-9A1E7A4F7556}") = "CleanArchitecture.Domian", "CleanArchitecture.Domian\CleanArchitecture.Domian.csproj", "{7D8A6ADD-5A3D-45F0-A3CD-9EBFA0929147}"
EndProject
Project("{2150E333-8FDC-42A3-9474-1A3956D46DE8}") = "Infrastructure", "Infrastructure", "{BF67845E-4313-455E-A637-D24964B5197C}"
EndProject
Project("{9A19103F-16F7-4668-BE54-9A1E7A4F7556}") = "CleanArchitecture.Infrastructure", "CleanArchitecture.Infrastructure\CleanArchitecture.Infrastructure.csproj", "{84528466-2A8D-4B04-B05D-551FD47FEF68}"
EndProject
Project("{9A19103F-16F7-4668-BE54-9A1E7A4F7556}") = "CleanArchitecture.Persistence", "CleanArchitecture.Presentation\CleanArchitecture.Persistence.csproj", "{5FC816B4-F1AE-4745-A773-AA3A8E66DFDB}"
EndProject
Project("{2150E333-8FDC-42A3-9474-1A3956D46DE8}") = "BasicSolution", "BasicSolution", "{4B580D44-9E2E-473C-B21E-F65E902C57CC}"
EndProject
Project("{2150E333-8FDC-42A3-9474-1A3956D46DE8}") = "FastEndpoint", "FastEndpoint", "{6629E00C-CA8D-4F8E-B1B8-3F6B3C2517BA}"
EndProject
Project("{2150E333-8FDC-42A3-9474-1A3956D46DE8}") = "AOP", "AOP", "{56C3D174-BEA5-449F-B606-BB9DC9E4C4D5}"
EndProject
Project("{2150E333-8FDC-42A3-9474-1A3956D46DE8}") = "UnitTestSolution", "UnitTestSolution", "{83159E19-D5D1-4B1F-B114-C728B6E49186}"
EndProject
Project("{2150E333-8FDC-42A3-9474-1A3956D46DE8}") = "ReflectionSolution", "ReflectionSolution", "{48F22180-EF6E-4877-94A6-F003F07EFC2F}"
EndProject
Project("{2150E333-8FDC-42A3-9474-1A3956D46DE8}") = "MiddlewareSolution", "MiddlewareSolution", "{0604099C-CAEE-4CB8-B501-AE9BA77DCF30}"
EndProject
Project("{2150E333-8FDC-42A3-9474-1A3956D46DE8}") = "Aspose_Cad", "Aspose_Cad", "{8D495939-8B6A-4540-B2C2-72F4414137CE}"
EndProject
Project("{2150E333-8FDC-42A3-9474-1A3956D46DE8}") = "RepositoryPattern", "RepositoryPattern", "{1189F5E9-AFBE-4C9F-A758-CF5AE927DC25}"
EndProject
Project("{9A19103F-16F7-4668-BE54-9A1E7A4F7556}") = "RepositoryPattern.WebAPI", "RepositoryPattern.WebAPI\RepositoryPattern.WebAPI.csproj", "{270DA4B7-0E9D-4C8F-9010-3F06376C58FD}"
EndProject
Project("{2150E333-8FDC-42A3-9474-1A3956D46DE8}") = "OnionArchitecture", "OnionArchitecture", "{09599862-85E4-4245-996E-264B576CE557}"
	ProjectSection(SolutionItems) = preProject
		README.txt = README.txt
	EndProjectSection
EndProject
Project("{9A19103F-16F7-4668-BE54-9A1E7A4F7556}") = "OnionWebAPI", "OnionWebAPI\OnionWebAPI.csproj", "{CDF286FB-EE81-4056-8BC2-A1C790CB5A4F}"
EndProject
Project("{9A19103F-16F7-4668-BE54-9A1E7A4F7556}") = "Domain", "Domain\Domain.csproj", "{F7DD81F0-80FE-49D2-827B-CB4C644E8126}"
EndProject
Project("{9A19103F-16F7-4668-BE54-9A1E7A4F7556}") = "Services", "Services\Services.csproj", "{917ADB2F-430D-458B-8C1B-D2AA6D13BE18}"
EndProject
Project("{9A19103F-16F7-4668-BE54-9A1E7A4F7556}") = "Infrastructure", "Persistence\Infrastructure.csproj", "{FFCEE3CE-EB3D-4409-9983-0F02FC8721F4}"
EndProject
Project("{9A19103F-16F7-4668-BE54-9A1E7A4F7556}") = "Dtos", "Contracts\Dtos.csproj", "{57DCAE90-7394-4A55-8BCD-59E4BB8A427E}"
EndProject
Project("{2150E333-8FDC-42A3-9474-1A3956D46DE8}") = "DesignPatter", "DesignPatter", "{26DD4B1F-6173-44D7-B1B6-5142ED19CBEB}"
EndProject
Project("{2150E333-8FDC-42A3-9474-1A3956D46DE8}") = "ThreadSafe", "ThreadSafe", "{C1046519-4E58-48C0-B374-96531C80AAC1}"
EndProject
Project("{9A19103F-16F7-4668-BE54-9A1E7A4F7556}") = "NonSerializedDemo", "NonSerializedDemo\NonSerializedDemo.csproj", "{F08D9DAE-BFE8-4C65-9253-FB2AA2821E37}"
EndProject
Project("{9A19103F-16F7-4668-BE54-9A1E7A4F7556}") = "组件扫描", "组件扫描\组件扫描.csproj", "{A2BB9D5E-66CD-4478-95D1-D32E4BDD25F4}"
EndProject
Project("{2150E333-8FDC-42A3-9474-1A3956D46DE8}") = "RiderIDE", "RiderIDE", "{12150705-3B66-4665-97AF-9A31556A48BA}"
EndProject
Project("{9A19103F-16F7-4668-BE54-9A1E7A4F7556}") = "正则表达式", "正则表达式\正则表达式.csproj", "{D26C9EA3-F10E-4921-A3ED-5F80364C9D5B}"
EndProject
Project("{9A19103F-16F7-4668-BE54-9A1E7A4F7556}") = "CreateExcelBynetDxf", "CreateExcelBynetDxf\CreateExcelBynetDxf.csproj", "{D1427ADF-5398-4B63-B592-5BB5D652073F}"
EndProject
Project("{9A19103F-16F7-4668-BE54-9A1E7A4F7556}") = "继承抽象", "继承抽象\继承抽象.csproj", "{0E9BDC45-A322-4F0B-A91D-43990DE03AAF}"
EndProject
Project("{9A19103F-16F7-4668-BE54-9A1E7A4F7556}") = "时间获取", "时间获取\时间获取.csproj", "{53194666-0DDD-430D-BF4D-CBAD5D144B2F}"
EndProject
Project("{9A19103F-16F7-4668-BE54-9A1E7A4F7556}") = "计算行高", "计算行高\计算行高.csproj", "{2A32FAE9-E6E6-4B03-900B-9C322C45D109}"
EndProject
Project("{9A19103F-16F7-4668-BE54-9A1E7A4F7556}") = "控制行高2", "控制行高2\控制行高2.csproj", "{801FA6DD-CA3A-4BDB-A452-CADA725B8E66}"
EndProject
Project("{9A19103F-16F7-4668-BE54-9A1E7A4F7556}") = "WinFormsApp1", "WinFormsApp1\WinFormsApp1.csproj", "{C032288D-6D6C-48AB-A8AA-E26948E60AA6}"
EndProject
Project("{9A19103F-16F7-4668-BE54-9A1E7A4F7556}") = "零部件号逻辑", "零部件号逻辑\零部件号逻辑.csproj", "{12ABB577-ED7F-42FE-903A-EAEEF67CFFCA}"
EndProject
Project("{FAE04EC0-301F-11D3-BF4B-00C04F79EFBC}") = "ConsoleApp8", "ConsoleApp8\ConsoleApp8.csproj", "{9A19A2B8-C456-487A-9C44-FD8B32A1C128}"
EndProject
Global
	GlobalSection(SolutionConfigurationPlatforms) = preSolution
		Debug|Any CPU = Debug|Any CPU
		Debug|x86 = Debug|x86
		Release|Any CPU = Release|Any CPU
		Release|x86 = Release|x86
	EndGlobalSection
	GlobalSection(ProjectConfigurationPlatforms) = postSolution
		{09D6A5A6-06F1-48CC-9CCE-03DFAB8DAD8C}.Debug|Any CPU.ActiveCfg = Debug|Any CPU
		{09D6A5A6-06F1-48CC-9CCE-03DFAB8DAD8C}.Debug|Any CPU.Build.0 = Debug|Any CPU
		{09D6A5A6-06F1-48CC-9CCE-03DFAB8DAD8C}.Debug|x86.ActiveCfg = Debug|Any CPU
		{09D6A5A6-06F1-48CC-9CCE-03DFAB8DAD8C}.Debug|x86.Build.0 = Debug|Any CPU
		{09D6A5A6-06F1-48CC-9CCE-03DFAB8DAD8C}.Release|Any CPU.ActiveCfg = Release|Any CPU
		{09D6A5A6-06F1-48CC-9CCE-03DFAB8DAD8C}.Release|Any CPU.Build.0 = Release|Any CPU
		{09D6A5A6-06F1-48CC-9CCE-03DFAB8DAD8C}.Release|x86.ActiveCfg = Release|Any CPU
		{09D6A5A6-06F1-48CC-9CCE-03DFAB8DAD8C}.Release|x86.Build.0 = Release|Any CPU
		{BDE719CC-4C31-4B42-8B85-3F0AA7F013CB}.Debug|Any CPU.ActiveCfg = Debug|Any CPU
		{BDE719CC-4C31-4B42-8B85-3F0AA7F013CB}.Debug|Any CPU.Build.0 = Debug|Any CPU
		{BDE719CC-4C31-4B42-8B85-3F0AA7F013CB}.Debug|x86.ActiveCfg = Debug|Any CPU
		{BDE719CC-4C31-4B42-8B85-3F0AA7F013CB}.Debug|x86.Build.0 = Debug|Any CPU
		{BDE719CC-4C31-4B42-8B85-3F0AA7F013CB}.Release|Any CPU.ActiveCfg = Release|Any CPU
		{BDE719CC-4C31-4B42-8B85-3F0AA7F013CB}.Release|Any CPU.Build.0 = Release|Any CPU
		{BDE719CC-4C31-4B42-8B85-3F0AA7F013CB}.Release|x86.ActiveCfg = Release|Any CPU
		{BDE719CC-4C31-4B42-8B85-3F0AA7F013CB}.Release|x86.Build.0 = Release|Any CPU
		{4D0D1A58-CF94-426C-A571-3BE102678900}.Debug|Any CPU.ActiveCfg = Debug|Any CPU
		{4D0D1A58-CF94-426C-A571-3BE102678900}.Debug|Any CPU.Build.0 = Debug|Any CPU
		{4D0D1A58-CF94-426C-A571-3BE102678900}.Debug|x86.ActiveCfg = Debug|Any CPU
		{4D0D1A58-CF94-426C-A571-3BE102678900}.Debug|x86.Build.0 = Debug|Any CPU
		{4D0D1A58-CF94-426C-A571-3BE102678900}.Release|Any CPU.ActiveCfg = Release|Any CPU
		{4D0D1A58-CF94-426C-A571-3BE102678900}.Release|Any CPU.Build.0 = Release|Any CPU
		{4D0D1A58-CF94-426C-A571-3BE102678900}.Release|x86.ActiveCfg = Release|Any CPU
		{4D0D1A58-CF94-426C-A571-3BE102678900}.Release|x86.Build.0 = Release|Any CPU
		{86E1F509-A8B5-466B-9C75-FF8C506C8F5B}.Debug|Any CPU.ActiveCfg = Debug|Any CPU
		{86E1F509-A8B5-466B-9C75-FF8C506C8F5B}.Debug|Any CPU.Build.0 = Debug|Any CPU
		{86E1F509-A8B5-466B-9C75-FF8C506C8F5B}.Debug|x86.ActiveCfg = Debug|Any CPU
		{86E1F509-A8B5-466B-9C75-FF8C506C8F5B}.Debug|x86.Build.0 = Debug|Any CPU
		{86E1F509-A8B5-466B-9C75-FF8C506C8F5B}.Release|Any CPU.ActiveCfg = Release|Any CPU
		{86E1F509-A8B5-466B-9C75-FF8C506C8F5B}.Release|Any CPU.Build.0 = Release|Any CPU
		{86E1F509-A8B5-466B-9C75-FF8C506C8F5B}.Release|x86.ActiveCfg = Release|Any CPU
		{86E1F509-A8B5-466B-9C75-FF8C506C8F5B}.Release|x86.Build.0 = Release|Any CPU
		{7C784C93-6AB5-4342-B916-7E3A0886398E}.Debug|Any CPU.ActiveCfg = Debug|Any CPU
		{7C784C93-6AB5-4342-B916-7E3A0886398E}.Debug|Any CPU.Build.0 = Debug|Any CPU
		{7C784C93-6AB5-4342-B916-7E3A0886398E}.Debug|x86.ActiveCfg = Debug|Any CPU
		{7C784C93-6AB5-4342-B916-7E3A0886398E}.Debug|x86.Build.0 = Debug|Any CPU
		{7C784C93-6AB5-4342-B916-7E3A0886398E}.Release|Any CPU.ActiveCfg = Release|Any CPU
		{7C784C93-6AB5-4342-B916-7E3A0886398E}.Release|Any CPU.Build.0 = Release|Any CPU
		{7C784C93-6AB5-4342-B916-7E3A0886398E}.Release|x86.ActiveCfg = Release|Any CPU
		{7C784C93-6AB5-4342-B916-7E3A0886398E}.Release|x86.Build.0 = Release|Any CPU
		{1DA396B1-5A18-4779-B902-C893FA2DEBB9}.Debug|Any CPU.ActiveCfg = Debug|Any CPU
		{1DA396B1-5A18-4779-B902-C893FA2DEBB9}.Debug|Any CPU.Build.0 = Debug|Any CPU
		{1DA396B1-5A18-4779-B902-C893FA2DEBB9}.Debug|x86.ActiveCfg = Debug|Any CPU
		{1DA396B1-5A18-4779-B902-C893FA2DEBB9}.Debug|x86.Build.0 = Debug|Any CPU
		{1DA396B1-5A18-4779-B902-C893FA2DEBB9}.Release|Any CPU.ActiveCfg = Release|Any CPU
		{1DA396B1-5A18-4779-B902-C893FA2DEBB9}.Release|Any CPU.Build.0 = Release|Any CPU
		{1DA396B1-5A18-4779-B902-C893FA2DEBB9}.Release|x86.ActiveCfg = Release|Any CPU
		{1DA396B1-5A18-4779-B902-C893FA2DEBB9}.Release|x86.Build.0 = Release|Any CPU
		{50F81B10-EFA0-4983-BCCF-9978EDB91A02}.Debug|Any CPU.ActiveCfg = Debug|Any CPU
		{50F81B10-EFA0-4983-BCCF-9978EDB91A02}.Debug|Any CPU.Build.0 = Debug|Any CPU
		{50F81B10-EFA0-4983-BCCF-9978EDB91A02}.Debug|x86.ActiveCfg = Debug|Any CPU
		{50F81B10-EFA0-4983-BCCF-9978EDB91A02}.Debug|x86.Build.0 = Debug|Any CPU
		{50F81B10-EFA0-4983-BCCF-9978EDB91A02}.Release|Any CPU.ActiveCfg = Release|Any CPU
		{50F81B10-EFA0-4983-BCCF-9978EDB91A02}.Release|Any CPU.Build.0 = Release|Any CPU
		{50F81B10-EFA0-4983-BCCF-9978EDB91A02}.Release|x86.ActiveCfg = Release|Any CPU
		{50F81B10-EFA0-4983-BCCF-9978EDB91A02}.Release|x86.Build.0 = Release|Any CPU
		{2DE10180-3C10-4CCC-B61C-99450FD94256}.Debug|Any CPU.ActiveCfg = Debug|Any CPU
		{2DE10180-3C10-4CCC-B61C-99450FD94256}.Debug|Any CPU.Build.0 = Debug|Any CPU
		{2DE10180-3C10-4CCC-B61C-99450FD94256}.Debug|x86.ActiveCfg = Debug|Any CPU
		{2DE10180-3C10-4CCC-B61C-99450FD94256}.Debug|x86.Build.0 = Debug|Any CPU
		{2DE10180-3C10-4CCC-B61C-99450FD94256}.Release|Any CPU.ActiveCfg = Release|Any CPU
		{2DE10180-3C10-4CCC-B61C-99450FD94256}.Release|Any CPU.Build.0 = Release|Any CPU
		{2DE10180-3C10-4CCC-B61C-99450FD94256}.Release|x86.ActiveCfg = Release|Any CPU
		{2DE10180-3C10-4CCC-B61C-99450FD94256}.Release|x86.Build.0 = Release|Any CPU
		{3159AD36-F464-474D-8CBA-C4E1FB1EE61B}.Debug|Any CPU.ActiveCfg = Debug|Any CPU
		{3159AD36-F464-474D-8CBA-C4E1FB1EE61B}.Debug|Any CPU.Build.0 = Debug|Any CPU
		{3159AD36-F464-474D-8CBA-C4E1FB1EE61B}.Debug|x86.ActiveCfg = Debug|Any CPU
		{3159AD36-F464-474D-8CBA-C4E1FB1EE61B}.Debug|x86.Build.0 = Debug|Any CPU
		{3159AD36-F464-474D-8CBA-C4E1FB1EE61B}.Release|Any CPU.ActiveCfg = Release|Any CPU
		{3159AD36-F464-474D-8CBA-C4E1FB1EE61B}.Release|Any CPU.Build.0 = Release|Any CPU
		{3159AD36-F464-474D-8CBA-C4E1FB1EE61B}.Release|x86.ActiveCfg = Release|Any CPU
		{3159AD36-F464-474D-8CBA-C4E1FB1EE61B}.Release|x86.Build.0 = Release|Any CPU
		{E782856A-E8C2-4BE4-B4BA-7FDE3911F1CA}.Debug|Any CPU.ActiveCfg = Debug|Any CPU
		{E782856A-E8C2-4BE4-B4BA-7FDE3911F1CA}.Debug|Any CPU.Build.0 = Debug|Any CPU
		{E782856A-E8C2-4BE4-B4BA-7FDE3911F1CA}.Debug|x86.ActiveCfg = Debug|Any CPU
		{E782856A-E8C2-4BE4-B4BA-7FDE3911F1CA}.Debug|x86.Build.0 = Debug|Any CPU
		{E782856A-E8C2-4BE4-B4BA-7FDE3911F1CA}.Release|Any CPU.ActiveCfg = Release|Any CPU
		{E782856A-E8C2-4BE4-B4BA-7FDE3911F1CA}.Release|Any CPU.Build.0 = Release|Any CPU
		{E782856A-E8C2-4BE4-B4BA-7FDE3911F1CA}.Release|x86.ActiveCfg = Release|Any CPU
		{E782856A-E8C2-4BE4-B4BA-7FDE3911F1CA}.Release|x86.Build.0 = Release|Any CPU
		{807D2092-41C1-44BF-9449-14CD1DCD4F30}.Debug|Any CPU.ActiveCfg = Debug|Any CPU
		{807D2092-41C1-44BF-9449-14CD1DCD4F30}.Debug|Any CPU.Build.0 = Debug|Any CPU
		{807D2092-41C1-44BF-9449-14CD1DCD4F30}.Debug|x86.ActiveCfg = Debug|Any CPU
		{807D2092-41C1-44BF-9449-14CD1DCD4F30}.Debug|x86.Build.0 = Debug|Any CPU
		{807D2092-41C1-44BF-9449-14CD1DCD4F30}.Release|Any CPU.ActiveCfg = Release|Any CPU
		{807D2092-41C1-44BF-9449-14CD1DCD4F30}.Release|Any CPU.Build.0 = Release|Any CPU
		{807D2092-41C1-44BF-9449-14CD1DCD4F30}.Release|x86.ActiveCfg = Release|Any CPU
		{807D2092-41C1-44BF-9449-14CD1DCD4F30}.Release|x86.Build.0 = Release|Any CPU
		{48E02B9D-10B0-471E-ACA3-CB592917E20D}.Debug|Any CPU.ActiveCfg = Debug|Any CPU
		{48E02B9D-10B0-471E-ACA3-CB592917E20D}.Debug|Any CPU.Build.0 = Debug|Any CPU
		{48E02B9D-10B0-471E-ACA3-CB592917E20D}.Debug|x86.ActiveCfg = Debug|Any CPU
		{48E02B9D-10B0-471E-ACA3-CB592917E20D}.Debug|x86.Build.0 = Debug|Any CPU
		{48E02B9D-10B0-471E-ACA3-CB592917E20D}.Release|Any CPU.ActiveCfg = Release|Any CPU
		{48E02B9D-10B0-471E-ACA3-CB592917E20D}.Release|Any CPU.Build.0 = Release|Any CPU
		{48E02B9D-10B0-471E-ACA3-CB592917E20D}.Release|x86.ActiveCfg = Release|Any CPU
		{48E02B9D-10B0-471E-ACA3-CB592917E20D}.Release|x86.Build.0 = Release|Any CPU
		{47DC4558-7849-46EA-A20E-8390E3F65DC2}.Debug|Any CPU.ActiveCfg = Debug|Any CPU
		{47DC4558-7849-46EA-A20E-8390E3F65DC2}.Debug|Any CPU.Build.0 = Debug|Any CPU
		{47DC4558-7849-46EA-A20E-8390E3F65DC2}.Debug|x86.ActiveCfg = Debug|Any CPU
		{47DC4558-7849-46EA-A20E-8390E3F65DC2}.Debug|x86.Build.0 = Debug|Any CPU
		{47DC4558-7849-46EA-A20E-8390E3F65DC2}.Release|Any CPU.ActiveCfg = Release|Any CPU
		{47DC4558-7849-46EA-A20E-8390E3F65DC2}.Release|Any CPU.Build.0 = Release|Any CPU
		{47DC4558-7849-46EA-A20E-8390E3F65DC2}.Release|x86.ActiveCfg = Release|Any CPU
		{47DC4558-7849-46EA-A20E-8390E3F65DC2}.Release|x86.Build.0 = Release|Any CPU
		{ADE3AF0A-82DD-4B37-9F27-A35140924EF5}.Debug|Any CPU.ActiveCfg = Debug|Any CPU
		{ADE3AF0A-82DD-4B37-9F27-A35140924EF5}.Debug|Any CPU.Build.0 = Debug|Any CPU
		{ADE3AF0A-82DD-4B37-9F27-A35140924EF5}.Debug|x86.ActiveCfg = Debug|Any CPU
		{ADE3AF0A-82DD-4B37-9F27-A35140924EF5}.Debug|x86.Build.0 = Debug|Any CPU
		{ADE3AF0A-82DD-4B37-9F27-A35140924EF5}.Release|Any CPU.ActiveCfg = Release|Any CPU
		{ADE3AF0A-82DD-4B37-9F27-A35140924EF5}.Release|Any CPU.Build.0 = Release|Any CPU
		{ADE3AF0A-82DD-4B37-9F27-A35140924EF5}.Release|x86.ActiveCfg = Release|Any CPU
		{ADE3AF0A-82DD-4B37-9F27-A35140924EF5}.Release|x86.Build.0 = Release|Any CPU
		{D425EB07-C4ED-4879-AD29-D11E92F95647}.Debug|Any CPU.ActiveCfg = Debug|Any CPU
		{D425EB07-C4ED-4879-AD29-D11E92F95647}.Debug|Any CPU.Build.0 = Debug|Any CPU
		{D425EB07-C4ED-4879-AD29-D11E92F95647}.Debug|x86.ActiveCfg = Debug|Any CPU
		{D425EB07-C4ED-4879-AD29-D11E92F95647}.Debug|x86.Build.0 = Debug|Any CPU
		{D425EB07-C4ED-4879-AD29-D11E92F95647}.Release|Any CPU.ActiveCfg = Release|Any CPU
		{D425EB07-C4ED-4879-AD29-D11E92F95647}.Release|Any CPU.Build.0 = Release|Any CPU
		{D425EB07-C4ED-4879-AD29-D11E92F95647}.Release|x86.ActiveCfg = Release|Any CPU
		{D425EB07-C4ED-4879-AD29-D11E92F95647}.Release|x86.Build.0 = Release|Any CPU
		{996709D9-007B-4D86-B1BF-66554BB9B03A}.Debug|Any CPU.ActiveCfg = Debug|Any CPU
		{996709D9-007B-4D86-B1BF-66554BB9B03A}.Debug|Any CPU.Build.0 = Debug|Any CPU
		{996709D9-007B-4D86-B1BF-66554BB9B03A}.Debug|x86.ActiveCfg = Debug|Any CPU
		{996709D9-007B-4D86-B1BF-66554BB9B03A}.Debug|x86.Build.0 = Debug|Any CPU
		{996709D9-007B-4D86-B1BF-66554BB9B03A}.Release|Any CPU.ActiveCfg = Release|Any CPU
		{996709D9-007B-4D86-B1BF-66554BB9B03A}.Release|Any CPU.Build.0 = Release|Any CPU
		{996709D9-007B-4D86-B1BF-66554BB9B03A}.Release|x86.ActiveCfg = Release|Any CPU
		{996709D9-007B-4D86-B1BF-66554BB9B03A}.Release|x86.Build.0 = Release|Any CPU
		{63E31B12-08D8-44C8-ACCF-D00F11518642}.Debug|Any CPU.ActiveCfg = Debug|Any CPU
		{63E31B12-08D8-44C8-ACCF-D00F11518642}.Debug|Any CPU.Build.0 = Debug|Any CPU
		{63E31B12-08D8-44C8-ACCF-D00F11518642}.Debug|x86.ActiveCfg = Debug|Any CPU
		{63E31B12-08D8-44C8-ACCF-D00F11518642}.Debug|x86.Build.0 = Debug|Any CPU
		{63E31B12-08D8-44C8-ACCF-D00F11518642}.Release|Any CPU.ActiveCfg = Release|Any CPU
		{63E31B12-08D8-44C8-ACCF-D00F11518642}.Release|Any CPU.Build.0 = Release|Any CPU
		{63E31B12-08D8-44C8-ACCF-D00F11518642}.Release|x86.ActiveCfg = Release|Any CPU
		{63E31B12-08D8-44C8-ACCF-D00F11518642}.Release|x86.Build.0 = Release|Any CPU
		{DCEA3857-E2AF-4118-B52B-C966E00DE18A}.Debug|Any CPU.ActiveCfg = Debug|Any CPU
		{DCEA3857-E2AF-4118-B52B-C966E00DE18A}.Debug|Any CPU.Build.0 = Debug|Any CPU
		{DCEA3857-E2AF-4118-B52B-C966E00DE18A}.Debug|x86.ActiveCfg = Debug|Any CPU
		{DCEA3857-E2AF-4118-B52B-C966E00DE18A}.Debug|x86.Build.0 = Debug|Any CPU
		{DCEA3857-E2AF-4118-B52B-C966E00DE18A}.Release|Any CPU.ActiveCfg = Release|Any CPU
		{DCEA3857-E2AF-4118-B52B-C966E00DE18A}.Release|Any CPU.Build.0 = Release|Any CPU
		{DCEA3857-E2AF-4118-B52B-C966E00DE18A}.Release|x86.ActiveCfg = Release|Any CPU
		{DCEA3857-E2AF-4118-B52B-C966E00DE18A}.Release|x86.Build.0 = Release|Any CPU
		{28F7CFCB-1366-4291-B09E-5AF38E203D57}.Debug|Any CPU.ActiveCfg = Debug|Any CPU
		{28F7CFCB-1366-4291-B09E-5AF38E203D57}.Debug|Any CPU.Build.0 = Debug|Any CPU
		{28F7CFCB-1366-4291-B09E-5AF38E203D57}.Debug|x86.ActiveCfg = Debug|Any CPU
		{28F7CFCB-1366-4291-B09E-5AF38E203D57}.Debug|x86.Build.0 = Debug|Any CPU
		{28F7CFCB-1366-4291-B09E-5AF38E203D57}.Release|Any CPU.ActiveCfg = Release|Any CPU
		{28F7CFCB-1366-4291-B09E-5AF38E203D57}.Release|Any CPU.Build.0 = Release|Any CPU
		{28F7CFCB-1366-4291-B09E-5AF38E203D57}.Release|x86.ActiveCfg = Release|Any CPU
		{28F7CFCB-1366-4291-B09E-5AF38E203D57}.Release|x86.Build.0 = Release|Any CPU
		{5E1193CB-8C87-49E0-B709-12274FA977D2}.Debug|Any CPU.ActiveCfg = Debug|Any CPU
		{5E1193CB-8C87-49E0-B709-12274FA977D2}.Debug|Any CPU.Build.0 = Debug|Any CPU
		{5E1193CB-8C87-49E0-B709-12274FA977D2}.Debug|x86.ActiveCfg = Debug|Any CPU
		{5E1193CB-8C87-49E0-B709-12274FA977D2}.Debug|x86.Build.0 = Debug|Any CPU
		{5E1193CB-8C87-49E0-B709-12274FA977D2}.Release|Any CPU.ActiveCfg = Release|Any CPU
		{5E1193CB-8C87-49E0-B709-12274FA977D2}.Release|Any CPU.Build.0 = Release|Any CPU
		{5E1193CB-8C87-49E0-B709-12274FA977D2}.Release|x86.ActiveCfg = Release|Any CPU
		{5E1193CB-8C87-49E0-B709-12274FA977D2}.Release|x86.Build.0 = Release|Any CPU
		{1B7487A0-5DB9-4659-912B-D7DE5EC77267}.Debug|Any CPU.ActiveCfg = Debug|Any CPU
		{1B7487A0-5DB9-4659-912B-D7DE5EC77267}.Debug|Any CPU.Build.0 = Debug|Any CPU
		{1B7487A0-5DB9-4659-912B-D7DE5EC77267}.Debug|x86.ActiveCfg = Debug|Any CPU
		{1B7487A0-5DB9-4659-912B-D7DE5EC77267}.Debug|x86.Build.0 = Debug|Any CPU
		{1B7487A0-5DB9-4659-912B-D7DE5EC77267}.Release|Any CPU.ActiveCfg = Release|Any CPU
		{1B7487A0-5DB9-4659-912B-D7DE5EC77267}.Release|Any CPU.Build.0 = Release|Any CPU
		{1B7487A0-5DB9-4659-912B-D7DE5EC77267}.Release|x86.ActiveCfg = Release|Any CPU
		{1B7487A0-5DB9-4659-912B-D7DE5EC77267}.Release|x86.Build.0 = Release|Any CPU
		{A94190EC-3CB8-45F4-AD94-F82218048D9C}.Debug|Any CPU.ActiveCfg = Debug|Any CPU
		{A94190EC-3CB8-45F4-AD94-F82218048D9C}.Debug|Any CPU.Build.0 = Debug|Any CPU
		{A94190EC-3CB8-45F4-AD94-F82218048D9C}.Debug|x86.ActiveCfg = Debug|Any CPU
		{A94190EC-3CB8-45F4-AD94-F82218048D9C}.Debug|x86.Build.0 = Debug|Any CPU
		{A94190EC-3CB8-45F4-AD94-F82218048D9C}.Release|Any CPU.ActiveCfg = Release|Any CPU
		{A94190EC-3CB8-45F4-AD94-F82218048D9C}.Release|Any CPU.Build.0 = Release|Any CPU
		{A94190EC-3CB8-45F4-AD94-F82218048D9C}.Release|x86.ActiveCfg = Release|Any CPU
		{A94190EC-3CB8-45F4-AD94-F82218048D9C}.Release|x86.Build.0 = Release|Any CPU
		{9AD5078F-0623-44B4-992A-3170563931BF}.Debug|Any CPU.ActiveCfg = Debug|Any CPU
		{9AD5078F-0623-44B4-992A-3170563931BF}.Debug|Any CPU.Build.0 = Debug|Any CPU
		{9AD5078F-0623-44B4-992A-3170563931BF}.Debug|x86.ActiveCfg = Debug|Any CPU
		{9AD5078F-0623-44B4-992A-3170563931BF}.Debug|x86.Build.0 = Debug|Any CPU
		{9AD5078F-0623-44B4-992A-3170563931BF}.Release|Any CPU.ActiveCfg = Release|Any CPU
		{9AD5078F-0623-44B4-992A-3170563931BF}.Release|Any CPU.Build.0 = Release|Any CPU
		{9AD5078F-0623-44B4-992A-3170563931BF}.Release|x86.ActiveCfg = Release|Any CPU
		{9AD5078F-0623-44B4-992A-3170563931BF}.Release|x86.Build.0 = Release|Any CPU
		{571492DF-D0DE-4D64-8F0A-B92726F4F18A}.Debug|Any CPU.ActiveCfg = Debug|Any CPU
		{571492DF-D0DE-4D64-8F0A-B92726F4F18A}.Debug|Any CPU.Build.0 = Debug|Any CPU
		{571492DF-D0DE-4D64-8F0A-B92726F4F18A}.Debug|x86.ActiveCfg = Debug|Any CPU
		{571492DF-D0DE-4D64-8F0A-B92726F4F18A}.Debug|x86.Build.0 = Debug|Any CPU
		{571492DF-D0DE-4D64-8F0A-B92726F4F18A}.Release|Any CPU.ActiveCfg = Release|Any CPU
		{571492DF-D0DE-4D64-8F0A-B92726F4F18A}.Release|Any CPU.Build.0 = Release|Any CPU
		{571492DF-D0DE-4D64-8F0A-B92726F4F18A}.Release|x86.ActiveCfg = Release|Any CPU
		{571492DF-D0DE-4D64-8F0A-B92726F4F18A}.Release|x86.Build.0 = Release|Any CPU
		{9C263253-69BF-413D-8169-531B19E89877}.Debug|Any CPU.ActiveCfg = Debug|Any CPU
		{9C263253-69BF-413D-8169-531B19E89877}.Debug|Any CPU.Build.0 = Debug|Any CPU
		{9C263253-69BF-413D-8169-531B19E89877}.Debug|x86.ActiveCfg = Debug|Any CPU
		{9C263253-69BF-413D-8169-531B19E89877}.Debug|x86.Build.0 = Debug|Any CPU
		{9C263253-69BF-413D-8169-531B19E89877}.Release|Any CPU.ActiveCfg = Release|Any CPU
		{9C263253-69BF-413D-8169-531B19E89877}.Release|Any CPU.Build.0 = Release|Any CPU
		{9C263253-69BF-413D-8169-531B19E89877}.Release|x86.ActiveCfg = Release|Any CPU
		{9C263253-69BF-413D-8169-531B19E89877}.Release|x86.Build.0 = Release|Any CPU
		{71CDF183-7FE5-4FE6-987F-29AD92412A61}.Debug|Any CPU.ActiveCfg = Debug|Any CPU
		{71CDF183-7FE5-4FE6-987F-29AD92412A61}.Debug|Any CPU.Build.0 = Debug|Any CPU
		{71CDF183-7FE5-4FE6-987F-29AD92412A61}.Debug|x86.ActiveCfg = Debug|Any CPU
		{71CDF183-7FE5-4FE6-987F-29AD92412A61}.Debug|x86.Build.0 = Debug|Any CPU
		{71CDF183-7FE5-4FE6-987F-29AD92412A61}.Release|Any CPU.ActiveCfg = Release|Any CPU
		{71CDF183-7FE5-4FE6-987F-29AD92412A61}.Release|Any CPU.Build.0 = Release|Any CPU
		{71CDF183-7FE5-4FE6-987F-29AD92412A61}.Release|x86.ActiveCfg = Release|Any CPU
		{71CDF183-7FE5-4FE6-987F-29AD92412A61}.Release|x86.Build.0 = Release|Any CPU
		{3A7740CE-F48C-42DB-A112-BA97CE724E3F}.Debug|Any CPU.ActiveCfg = Debug|Any CPU
		{3A7740CE-F48C-42DB-A112-BA97CE724E3F}.Debug|Any CPU.Build.0 = Debug|Any CPU
		{3A7740CE-F48C-42DB-A112-BA97CE724E3F}.Debug|x86.ActiveCfg = Debug|Any CPU
		{3A7740CE-F48C-42DB-A112-BA97CE724E3F}.Debug|x86.Build.0 = Debug|Any CPU
		{3A7740CE-F48C-42DB-A112-BA97CE724E3F}.Release|Any CPU.ActiveCfg = Release|Any CPU
		{3A7740CE-F48C-42DB-A112-BA97CE724E3F}.Release|Any CPU.Build.0 = Release|Any CPU
		{3A7740CE-F48C-42DB-A112-BA97CE724E3F}.Release|x86.ActiveCfg = Release|Any CPU
		{3A7740CE-F48C-42DB-A112-BA97CE724E3F}.Release|x86.Build.0 = Release|Any CPU
		{83083AE4-1A80-495D-8671-4FA42195A481}.Debug|Any CPU.ActiveCfg = Debug|Any CPU
		{83083AE4-1A80-495D-8671-4FA42195A481}.Debug|Any CPU.Build.0 = Debug|Any CPU
		{83083AE4-1A80-495D-8671-4FA42195A481}.Debug|x86.ActiveCfg = Debug|Any CPU
		{83083AE4-1A80-495D-8671-4FA42195A481}.Debug|x86.Build.0 = Debug|Any CPU
		{83083AE4-1A80-495D-8671-4FA42195A481}.Release|Any CPU.ActiveCfg = Release|Any CPU
		{83083AE4-1A80-495D-8671-4FA42195A481}.Release|Any CPU.Build.0 = Release|Any CPU
		{83083AE4-1A80-495D-8671-4FA42195A481}.Release|x86.ActiveCfg = Release|Any CPU
		{83083AE4-1A80-495D-8671-4FA42195A481}.Release|x86.Build.0 = Release|Any CPU
		{67EDA9EC-F613-43A1-9D4B-FCEDB99818A6}.Debug|Any CPU.ActiveCfg = Debug|Any CPU
		{67EDA9EC-F613-43A1-9D4B-FCEDB99818A6}.Debug|Any CPU.Build.0 = Debug|Any CPU
		{67EDA9EC-F613-43A1-9D4B-FCEDB99818A6}.Debug|x86.ActiveCfg = Debug|Any CPU
		{67EDA9EC-F613-43A1-9D4B-FCEDB99818A6}.Debug|x86.Build.0 = Debug|Any CPU
		{67EDA9EC-F613-43A1-9D4B-FCEDB99818A6}.Release|Any CPU.ActiveCfg = Release|Any CPU
		{67EDA9EC-F613-43A1-9D4B-FCEDB99818A6}.Release|Any CPU.Build.0 = Release|Any CPU
		{67EDA9EC-F613-43A1-9D4B-FCEDB99818A6}.Release|x86.ActiveCfg = Release|Any CPU
		{67EDA9EC-F613-43A1-9D4B-FCEDB99818A6}.Release|x86.Build.0 = Release|Any CPU
		{F524831F-793D-44D8-A595-F95A9DAD6343}.Debug|Any CPU.ActiveCfg = Debug|Any CPU
		{F524831F-793D-44D8-A595-F95A9DAD6343}.Debug|Any CPU.Build.0 = Debug|Any CPU
		{F524831F-793D-44D8-A595-F95A9DAD6343}.Debug|x86.ActiveCfg = Debug|Any CPU
		{F524831F-793D-44D8-A595-F95A9DAD6343}.Debug|x86.Build.0 = Debug|Any CPU
		{F524831F-793D-44D8-A595-F95A9DAD6343}.Release|Any CPU.ActiveCfg = Release|Any CPU
		{F524831F-793D-44D8-A595-F95A9DAD6343}.Release|Any CPU.Build.0 = Release|Any CPU
		{F524831F-793D-44D8-A595-F95A9DAD6343}.Release|x86.ActiveCfg = Release|Any CPU
		{F524831F-793D-44D8-A595-F95A9DAD6343}.Release|x86.Build.0 = Release|Any CPU
		{B1D6DF79-5751-4171-B578-482F3567837E}.Debug|Any CPU.ActiveCfg = Debug|Any CPU
		{B1D6DF79-5751-4171-B578-482F3567837E}.Debug|Any CPU.Build.0 = Debug|Any CPU
		{B1D6DF79-5751-4171-B578-482F3567837E}.Debug|x86.ActiveCfg = Debug|Any CPU
		{B1D6DF79-5751-4171-B578-482F3567837E}.Debug|x86.Build.0 = Debug|Any CPU
		{B1D6DF79-5751-4171-B578-482F3567837E}.Release|Any CPU.ActiveCfg = Release|Any CPU
		{B1D6DF79-5751-4171-B578-482F3567837E}.Release|Any CPU.Build.0 = Release|Any CPU
		{B1D6DF79-5751-4171-B578-482F3567837E}.Release|x86.ActiveCfg = Release|Any CPU
		{B1D6DF79-5751-4171-B578-482F3567837E}.Release|x86.Build.0 = Release|Any CPU
		{7DE0A26D-15A7-4578-BE5B-76D4E3B3C2F8}.Debug|Any CPU.ActiveCfg = Debug|Any CPU
		{7DE0A26D-15A7-4578-BE5B-76D4E3B3C2F8}.Debug|Any CPU.Build.0 = Debug|Any CPU
		{7DE0A26D-15A7-4578-BE5B-76D4E3B3C2F8}.Debug|x86.ActiveCfg = Debug|Any CPU
		{7DE0A26D-15A7-4578-BE5B-76D4E3B3C2F8}.Debug|x86.Build.0 = Debug|Any CPU
		{7DE0A26D-15A7-4578-BE5B-76D4E3B3C2F8}.Release|Any CPU.ActiveCfg = Release|Any CPU
		{7DE0A26D-15A7-4578-BE5B-76D4E3B3C2F8}.Release|Any CPU.Build.0 = Release|Any CPU
		{7DE0A26D-15A7-4578-BE5B-76D4E3B3C2F8}.Release|x86.ActiveCfg = Release|Any CPU
		{7DE0A26D-15A7-4578-BE5B-76D4E3B3C2F8}.Release|x86.Build.0 = Release|Any CPU
		{1F71EF93-0D54-4719-A00E-2548BC02DAE1}.Debug|Any CPU.ActiveCfg = Debug|Any CPU
		{1F71EF93-0D54-4719-A00E-2548BC02DAE1}.Debug|Any CPU.Build.0 = Debug|Any CPU
		{1F71EF93-0D54-4719-A00E-2548BC02DAE1}.Debug|x86.ActiveCfg = Debug|Any CPU
		{1F71EF93-0D54-4719-A00E-2548BC02DAE1}.Debug|x86.Build.0 = Debug|Any CPU
		{1F71EF93-0D54-4719-A00E-2548BC02DAE1}.Release|Any CPU.ActiveCfg = Release|Any CPU
		{1F71EF93-0D54-4719-A00E-2548BC02DAE1}.Release|Any CPU.Build.0 = Release|Any CPU
		{1F71EF93-0D54-4719-A00E-2548BC02DAE1}.Release|x86.ActiveCfg = Release|Any CPU
		{1F71EF93-0D54-4719-A00E-2548BC02DAE1}.Release|x86.Build.0 = Release|Any CPU
		{E8A266FF-53C6-46D6-9169-A5BFD8D52C73}.Debug|Any CPU.ActiveCfg = Debug|Any CPU
		{E8A266FF-53C6-46D6-9169-A5BFD8D52C73}.Debug|Any CPU.Build.0 = Debug|Any CPU
		{E8A266FF-53C6-46D6-9169-A5BFD8D52C73}.Debug|x86.ActiveCfg = Debug|Any CPU
		{E8A266FF-53C6-46D6-9169-A5BFD8D52C73}.Debug|x86.Build.0 = Debug|Any CPU
		{E8A266FF-53C6-46D6-9169-A5BFD8D52C73}.Release|Any CPU.ActiveCfg = Release|Any CPU
		{E8A266FF-53C6-46D6-9169-A5BFD8D52C73}.Release|Any CPU.Build.0 = Release|Any CPU
		{E8A266FF-53C6-46D6-9169-A5BFD8D52C73}.Release|x86.ActiveCfg = Release|Any CPU
		{E8A266FF-53C6-46D6-9169-A5BFD8D52C73}.Release|x86.Build.0 = Release|Any CPU
		{0A81F120-1CF3-4A55-AFF0-E52A48B9ADDA}.Debug|Any CPU.ActiveCfg = Debug|Any CPU
		{0A81F120-1CF3-4A55-AFF0-E52A48B9ADDA}.Debug|Any CPU.Build.0 = Debug|Any CPU
		{0A81F120-1CF3-4A55-AFF0-E52A48B9ADDA}.Debug|x86.ActiveCfg = Debug|Any CPU
		{0A81F120-1CF3-4A55-AFF0-E52A48B9ADDA}.Debug|x86.Build.0 = Debug|Any CPU
		{0A81F120-1CF3-4A55-AFF0-E52A48B9ADDA}.Release|Any CPU.ActiveCfg = Release|Any CPU
		{0A81F120-1CF3-4A55-AFF0-E52A48B9ADDA}.Release|Any CPU.Build.0 = Release|Any CPU
		{0A81F120-1CF3-4A55-AFF0-E52A48B9ADDA}.Release|x86.ActiveCfg = Release|Any CPU
		{0A81F120-1CF3-4A55-AFF0-E52A48B9ADDA}.Release|x86.Build.0 = Release|Any CPU
		{1CDD9447-EEDD-45ED-9085-EE35874D0C15}.Debug|Any CPU.ActiveCfg = Debug|Any CPU
		{1CDD9447-EEDD-45ED-9085-EE35874D0C15}.Debug|Any CPU.Build.0 = Debug|Any CPU
		{1CDD9447-EEDD-45ED-9085-EE35874D0C15}.Debug|x86.ActiveCfg = Debug|Any CPU
		{1CDD9447-EEDD-45ED-9085-EE35874D0C15}.Debug|x86.Build.0 = Debug|Any CPU
		{1CDD9447-EEDD-45ED-9085-EE35874D0C15}.Release|Any CPU.ActiveCfg = Release|Any CPU
		{1CDD9447-EEDD-45ED-9085-EE35874D0C15}.Release|Any CPU.Build.0 = Release|Any CPU
		{1CDD9447-EEDD-45ED-9085-EE35874D0C15}.Release|x86.ActiveCfg = Release|Any CPU
		{1CDD9447-EEDD-45ED-9085-EE35874D0C15}.Release|x86.Build.0 = Release|Any CPU
		{7C7CD4D9-1ABA-4478-8EEC-2407561E52D1}.Debug|Any CPU.ActiveCfg = Debug|Any CPU
		{7C7CD4D9-1ABA-4478-8EEC-2407561E52D1}.Debug|Any CPU.Build.0 = Debug|Any CPU
		{7C7CD4D9-1ABA-4478-8EEC-2407561E52D1}.Debug|x86.ActiveCfg = Debug|x86
		{7C7CD4D9-1ABA-4478-8EEC-2407561E52D1}.Debug|x86.Build.0 = Debug|x86
		{7C7CD4D9-1ABA-4478-8EEC-2407561E52D1}.Release|Any CPU.ActiveCfg = Release|Any CPU
		{7C7CD4D9-1ABA-4478-8EEC-2407561E52D1}.Release|Any CPU.Build.0 = Release|Any CPU
		{7C7CD4D9-1ABA-4478-8EEC-2407561E52D1}.Release|x86.ActiveCfg = Release|x86
		{7C7CD4D9-1ABA-4478-8EEC-2407561E52D1}.Release|x86.Build.0 = Release|x86
		{0F196A97-F2C7-4771-BF88-1B0EF1685224}.Debug|Any CPU.ActiveCfg = Debug|Any CPU
		{0F196A97-F2C7-4771-BF88-1B0EF1685224}.Debug|Any CPU.Build.0 = Debug|Any CPU
		{0F196A97-F2C7-4771-BF88-1B0EF1685224}.Debug|x86.ActiveCfg = Debug|Any CPU
		{0F196A97-F2C7-4771-BF88-1B0EF1685224}.Debug|x86.Build.0 = Debug|Any CPU
		{0F196A97-F2C7-4771-BF88-1B0EF1685224}.Release|Any CPU.ActiveCfg = Release|Any CPU
		{0F196A97-F2C7-4771-BF88-1B0EF1685224}.Release|Any CPU.Build.0 = Release|Any CPU
		{0F196A97-F2C7-4771-BF88-1B0EF1685224}.Release|x86.ActiveCfg = Release|Any CPU
		{0F196A97-F2C7-4771-BF88-1B0EF1685224}.Release|x86.Build.0 = Release|Any CPU
		{F79E0595-71F3-47EB-9B34-4662FEE5B161}.Debug|Any CPU.ActiveCfg = Debug|Any CPU
		{F79E0595-71F3-47EB-9B34-4662FEE5B161}.Debug|Any CPU.Build.0 = Debug|Any CPU
		{F79E0595-71F3-47EB-9B34-4662FEE5B161}.Debug|x86.ActiveCfg = Debug|Any CPU
		{F79E0595-71F3-47EB-9B34-4662FEE5B161}.Debug|x86.Build.0 = Debug|Any CPU
		{F79E0595-71F3-47EB-9B34-4662FEE5B161}.Release|Any CPU.ActiveCfg = Release|Any CPU
		{F79E0595-71F3-47EB-9B34-4662FEE5B161}.Release|Any CPU.Build.0 = Release|Any CPU
		{F79E0595-71F3-47EB-9B34-4662FEE5B161}.Release|x86.ActiveCfg = Release|Any CPU
		{F79E0595-71F3-47EB-9B34-4662FEE5B161}.Release|x86.Build.0 = Release|Any CPU
		{3485C68F-590D-45B7-A384-2D00C9BFBF71}.Debug|Any CPU.ActiveCfg = Debug|Any CPU
		{3485C68F-590D-45B7-A384-2D00C9BFBF71}.Debug|Any CPU.Build.0 = Debug|Any CPU
		{3485C68F-590D-45B7-A384-2D00C9BFBF71}.Debug|x86.ActiveCfg = Debug|Any CPU
		{3485C68F-590D-45B7-A384-2D00C9BFBF71}.Debug|x86.Build.0 = Debug|Any CPU
		{3485C68F-590D-45B7-A384-2D00C9BFBF71}.Release|Any CPU.ActiveCfg = Release|Any CPU
		{3485C68F-590D-45B7-A384-2D00C9BFBF71}.Release|Any CPU.Build.0 = Release|Any CPU
		{3485C68F-590D-45B7-A384-2D00C9BFBF71}.Release|x86.ActiveCfg = Release|Any CPU
		{3485C68F-590D-45B7-A384-2D00C9BFBF71}.Release|x86.Build.0 = Release|Any CPU
		{6B8186D4-A57D-4EE1-B7BF-439714EC6CEF}.Debug|Any CPU.ActiveCfg = Debug|Any CPU
		{6B8186D4-A57D-4EE1-B7BF-439714EC6CEF}.Debug|Any CPU.Build.0 = Debug|Any CPU
		{6B8186D4-A57D-4EE1-B7BF-439714EC6CEF}.Debug|x86.ActiveCfg = Debug|Any CPU
		{6B8186D4-A57D-4EE1-B7BF-439714EC6CEF}.Debug|x86.Build.0 = Debug|Any CPU
		{6B8186D4-A57D-4EE1-B7BF-439714EC6CEF}.Release|Any CPU.ActiveCfg = Release|Any CPU
		{6B8186D4-A57D-4EE1-B7BF-439714EC6CEF}.Release|Any CPU.Build.0 = Release|Any CPU
		{6B8186D4-A57D-4EE1-B7BF-439714EC6CEF}.Release|x86.ActiveCfg = Release|Any CPU
		{6B8186D4-A57D-4EE1-B7BF-439714EC6CEF}.Release|x86.Build.0 = Release|Any CPU
		{7766B59D-196C-4B73-96D0-F74F382A1BC3}.Debug|Any CPU.ActiveCfg = Debug|Any CPU
		{7766B59D-196C-4B73-96D0-F74F382A1BC3}.Debug|Any CPU.Build.0 = Debug|Any CPU
		{7766B59D-196C-4B73-96D0-F74F382A1BC3}.Debug|x86.ActiveCfg = Debug|Any CPU
		{7766B59D-196C-4B73-96D0-F74F382A1BC3}.Debug|x86.Build.0 = Debug|Any CPU
		{7766B59D-196C-4B73-96D0-F74F382A1BC3}.Release|Any CPU.ActiveCfg = Release|Any CPU
		{7766B59D-196C-4B73-96D0-F74F382A1BC3}.Release|Any CPU.Build.0 = Release|Any CPU
		{7766B59D-196C-4B73-96D0-F74F382A1BC3}.Release|x86.ActiveCfg = Release|Any CPU
		{7766B59D-196C-4B73-96D0-F74F382A1BC3}.Release|x86.Build.0 = Release|Any CPU
		{CF58DB9B-0D87-4F03-B389-6BA9A12ED225}.Debug|Any CPU.ActiveCfg = Debug|Any CPU
		{CF58DB9B-0D87-4F03-B389-6BA9A12ED225}.Debug|Any CPU.Build.0 = Debug|Any CPU
		{CF58DB9B-0D87-4F03-B389-6BA9A12ED225}.Debug|x86.ActiveCfg = Debug|Any CPU
		{CF58DB9B-0D87-4F03-B389-6BA9A12ED225}.Debug|x86.Build.0 = Debug|Any CPU
		{CF58DB9B-0D87-4F03-B389-6BA9A12ED225}.Release|Any CPU.ActiveCfg = Release|Any CPU
		{CF58DB9B-0D87-4F03-B389-6BA9A12ED225}.Release|Any CPU.Build.0 = Release|Any CPU
		{CF58DB9B-0D87-4F03-B389-6BA9A12ED225}.Release|x86.ActiveCfg = Release|Any CPU
		{CF58DB9B-0D87-4F03-B389-6BA9A12ED225}.Release|x86.Build.0 = Release|Any CPU
		{A8F12501-3540-4F40-BA55-D5633B649435}.Debug|Any CPU.ActiveCfg = Debug|Any CPU
		{A8F12501-3540-4F40-BA55-D5633B649435}.Debug|Any CPU.Build.0 = Debug|Any CPU
		{A8F12501-3540-4F40-BA55-D5633B649435}.Debug|x86.ActiveCfg = Debug|Any CPU
		{A8F12501-3540-4F40-BA55-D5633B649435}.Debug|x86.Build.0 = Debug|Any CPU
		{A8F12501-3540-4F40-BA55-D5633B649435}.Release|Any CPU.ActiveCfg = Release|Any CPU
		{A8F12501-3540-4F40-BA55-D5633B649435}.Release|Any CPU.Build.0 = Release|Any CPU
		{A8F12501-3540-4F40-BA55-D5633B649435}.Release|x86.ActiveCfg = Release|Any CPU
		{A8F12501-3540-4F40-BA55-D5633B649435}.Release|x86.Build.0 = Release|Any CPU
		{605DA64F-AC01-45A9-96F1-370F8237932B}.Debug|Any CPU.ActiveCfg = Debug|Any CPU
		{605DA64F-AC01-45A9-96F1-370F8237932B}.Debug|Any CPU.Build.0 = Debug|Any CPU
		{605DA64F-AC01-45A9-96F1-370F8237932B}.Debug|x86.ActiveCfg = Debug|Any CPU
		{605DA64F-AC01-45A9-96F1-370F8237932B}.Debug|x86.Build.0 = Debug|Any CPU
		{605DA64F-AC01-45A9-96F1-370F8237932B}.Release|Any CPU.ActiveCfg = Release|Any CPU
		{605DA64F-AC01-45A9-96F1-370F8237932B}.Release|Any CPU.Build.0 = Release|Any CPU
		{605DA64F-AC01-45A9-96F1-370F8237932B}.Release|x86.ActiveCfg = Release|Any CPU
		{605DA64F-AC01-45A9-96F1-370F8237932B}.Release|x86.Build.0 = Release|Any CPU
		{348391B8-DAF1-457C-A8F1-9FAC52E370A7}.Debug|Any CPU.ActiveCfg = Debug|Any CPU
		{348391B8-DAF1-457C-A8F1-9FAC52E370A7}.Debug|Any CPU.Build.0 = Debug|Any CPU
		{348391B8-DAF1-457C-A8F1-9FAC52E370A7}.Debug|x86.ActiveCfg = Debug|Any CPU
		{348391B8-DAF1-457C-A8F1-9FAC52E370A7}.Debug|x86.Build.0 = Debug|Any CPU
		{348391B8-DAF1-457C-A8F1-9FAC52E370A7}.Release|Any CPU.ActiveCfg = Release|Any CPU
		{348391B8-DAF1-457C-A8F1-9FAC52E370A7}.Release|Any CPU.Build.0 = Release|Any CPU
		{348391B8-DAF1-457C-A8F1-9FAC52E370A7}.Release|x86.ActiveCfg = Release|Any CPU
		{348391B8-DAF1-457C-A8F1-9FAC52E370A7}.Release|x86.Build.0 = Release|Any CPU
		{172E0716-E2BD-4B96-82C7-C8457BDBD30B}.Debug|Any CPU.ActiveCfg = Debug|Any CPU
		{172E0716-E2BD-4B96-82C7-C8457BDBD30B}.Debug|Any CPU.Build.0 = Debug|Any CPU
		{172E0716-E2BD-4B96-82C7-C8457BDBD30B}.Debug|x86.ActiveCfg = Debug|Any CPU
		{172E0716-E2BD-4B96-82C7-C8457BDBD30B}.Debug|x86.Build.0 = Debug|Any CPU
		{172E0716-E2BD-4B96-82C7-C8457BDBD30B}.Release|Any CPU.ActiveCfg = Release|Any CPU
		{172E0716-E2BD-4B96-82C7-C8457BDBD30B}.Release|Any CPU.Build.0 = Release|Any CPU
		{172E0716-E2BD-4B96-82C7-C8457BDBD30B}.Release|x86.ActiveCfg = Release|Any CPU
		{172E0716-E2BD-4B96-82C7-C8457BDBD30B}.Release|x86.Build.0 = Release|Any CPU
		{10E7EE05-CEDE-44D8-B9A4-66ADA7A155C8}.Debug|Any CPU.ActiveCfg = Debug|Any CPU
		{10E7EE05-CEDE-44D8-B9A4-66ADA7A155C8}.Debug|Any CPU.Build.0 = Debug|Any CPU
		{10E7EE05-CEDE-44D8-B9A4-66ADA7A155C8}.Debug|x86.ActiveCfg = Debug|Any CPU
		{10E7EE05-CEDE-44D8-B9A4-66ADA7A155C8}.Debug|x86.Build.0 = Debug|Any CPU
		{10E7EE05-CEDE-44D8-B9A4-66ADA7A155C8}.Release|Any CPU.ActiveCfg = Release|Any CPU
		{10E7EE05-CEDE-44D8-B9A4-66ADA7A155C8}.Release|Any CPU.Build.0 = Release|Any CPU
		{10E7EE05-CEDE-44D8-B9A4-66ADA7A155C8}.Release|x86.ActiveCfg = Release|Any CPU
		{10E7EE05-CEDE-44D8-B9A4-66ADA7A155C8}.Release|x86.Build.0 = Release|Any CPU
		{1BE2FFD8-966D-45BC-94A6-B3968A3C9758}.Debug|Any CPU.ActiveCfg = Debug|Any CPU
		{1BE2FFD8-966D-45BC-94A6-B3968A3C9758}.Debug|Any CPU.Build.0 = Debug|Any CPU
		{1BE2FFD8-966D-45BC-94A6-B3968A3C9758}.Debug|x86.ActiveCfg = Debug|Any CPU
		{1BE2FFD8-966D-45BC-94A6-B3968A3C9758}.Debug|x86.Build.0 = Debug|Any CPU
		{1BE2FFD8-966D-45BC-94A6-B3968A3C9758}.Release|Any CPU.ActiveCfg = Release|Any CPU
		{1BE2FFD8-966D-45BC-94A6-B3968A3C9758}.Release|Any CPU.Build.0 = Release|Any CPU
		{1BE2FFD8-966D-45BC-94A6-B3968A3C9758}.Release|x86.ActiveCfg = Release|Any CPU
		{1BE2FFD8-966D-45BC-94A6-B3968A3C9758}.Release|x86.Build.0 = Release|Any CPU
		{CAFEE8B1-7024-4FF6-9C77-D70F551BFEBA}.Debug|Any CPU.ActiveCfg = Debug|Any CPU
		{CAFEE8B1-7024-4FF6-9C77-D70F551BFEBA}.Debug|Any CPU.Build.0 = Debug|Any CPU
		{CAFEE8B1-7024-4FF6-9C77-D70F551BFEBA}.Debug|x86.ActiveCfg = Debug|Any CPU
		{CAFEE8B1-7024-4FF6-9C77-D70F551BFEBA}.Debug|x86.Build.0 = Debug|Any CPU
		{CAFEE8B1-7024-4FF6-9C77-D70F551BFEBA}.Release|Any CPU.ActiveCfg = Release|Any CPU
		{CAFEE8B1-7024-4FF6-9C77-D70F551BFEBA}.Release|Any CPU.Build.0 = Release|Any CPU
		{CAFEE8B1-7024-4FF6-9C77-D70F551BFEBA}.Release|x86.ActiveCfg = Release|Any CPU
		{CAFEE8B1-7024-4FF6-9C77-D70F551BFEBA}.Release|x86.Build.0 = Release|Any CPU
		{8F765F2E-F8CC-4442-A6BF-A0A8AFC23691}.Debug|Any CPU.ActiveCfg = Debug|Any CPU
		{8F765F2E-F8CC-4442-A6BF-A0A8AFC23691}.Debug|Any CPU.Build.0 = Debug|Any CPU
		{8F765F2E-F8CC-4442-A6BF-A0A8AFC23691}.Debug|x86.ActiveCfg = Debug|Any CPU
		{8F765F2E-F8CC-4442-A6BF-A0A8AFC23691}.Debug|x86.Build.0 = Debug|Any CPU
		{8F765F2E-F8CC-4442-A6BF-A0A8AFC23691}.Release|Any CPU.ActiveCfg = Release|Any CPU
		{8F765F2E-F8CC-4442-A6BF-A0A8AFC23691}.Release|Any CPU.Build.0 = Release|Any CPU
		{8F765F2E-F8CC-4442-A6BF-A0A8AFC23691}.Release|x86.ActiveCfg = Release|Any CPU
		{8F765F2E-F8CC-4442-A6BF-A0A8AFC23691}.Release|x86.Build.0 = Release|Any CPU
		{22541CFD-79B4-4DC0-B208-6BE0A673C1C0}.Debug|Any CPU.ActiveCfg = Debug|Any CPU
		{22541CFD-79B4-4DC0-B208-6BE0A673C1C0}.Debug|Any CPU.Build.0 = Debug|Any CPU
		{22541CFD-79B4-4DC0-B208-6BE0A673C1C0}.Debug|x86.ActiveCfg = Debug|Any CPU
		{22541CFD-79B4-4DC0-B208-6BE0A673C1C0}.Debug|x86.Build.0 = Debug|Any CPU
		{22541CFD-79B4-4DC0-B208-6BE0A673C1C0}.Release|Any CPU.ActiveCfg = Release|Any CPU
		{22541CFD-79B4-4DC0-B208-6BE0A673C1C0}.Release|Any CPU.Build.0 = Release|Any CPU
		{22541CFD-79B4-4DC0-B208-6BE0A673C1C0}.Release|x86.ActiveCfg = Release|Any CPU
		{22541CFD-79B4-4DC0-B208-6BE0A673C1C0}.Release|x86.Build.0 = Release|Any CPU
		{359E3047-9C52-4090-83C7-9110879E7A51}.Debug|Any CPU.ActiveCfg = Debug|Any CPU
		{359E3047-9C52-4090-83C7-9110879E7A51}.Debug|Any CPU.Build.0 = Debug|Any CPU
		{359E3047-9C52-4090-83C7-9110879E7A51}.Debug|x86.ActiveCfg = Debug|Any CPU
		{359E3047-9C52-4090-83C7-9110879E7A51}.Debug|x86.Build.0 = Debug|Any CPU
		{359E3047-9C52-4090-83C7-9110879E7A51}.Release|Any CPU.ActiveCfg = Release|Any CPU
		{359E3047-9C52-4090-83C7-9110879E7A51}.Release|Any CPU.Build.0 = Release|Any CPU
		{359E3047-9C52-4090-83C7-9110879E7A51}.Release|x86.ActiveCfg = Release|Any CPU
		{359E3047-9C52-4090-83C7-9110879E7A51}.Release|x86.Build.0 = Release|Any CPU
		{1ACD2CAB-8E39-405A-B2C0-10ABF52696F5}.Debug|Any CPU.ActiveCfg = Debug|Any CPU
		{1ACD2CAB-8E39-405A-B2C0-10ABF52696F5}.Debug|Any CPU.Build.0 = Debug|Any CPU
		{1ACD2CAB-8E39-405A-B2C0-10ABF52696F5}.Debug|x86.ActiveCfg = Debug|Any CPU
		{1ACD2CAB-8E39-405A-B2C0-10ABF52696F5}.Debug|x86.Build.0 = Debug|Any CPU
		{1ACD2CAB-8E39-405A-B2C0-10ABF52696F5}.Release|Any CPU.ActiveCfg = Release|Any CPU
		{1ACD2CAB-8E39-405A-B2C0-10ABF52696F5}.Release|Any CPU.Build.0 = Release|Any CPU
		{1ACD2CAB-8E39-405A-B2C0-10ABF52696F5}.Release|x86.ActiveCfg = Release|Any CPU
		{1ACD2CAB-8E39-405A-B2C0-10ABF52696F5}.Release|x86.Build.0 = Release|Any CPU
		{9539F101-C2AF-49B3-8CFA-1E6B92A15C16}.Debug|Any CPU.ActiveCfg = Debug|Any CPU
		{9539F101-C2AF-49B3-8CFA-1E6B92A15C16}.Debug|Any CPU.Build.0 = Debug|Any CPU
		{9539F101-C2AF-49B3-8CFA-1E6B92A15C16}.Debug|x86.ActiveCfg = Debug|Any CPU
		{9539F101-C2AF-49B3-8CFA-1E6B92A15C16}.Debug|x86.Build.0 = Debug|Any CPU
		{9539F101-C2AF-49B3-8CFA-1E6B92A15C16}.Release|Any CPU.ActiveCfg = Release|Any CPU
		{9539F101-C2AF-49B3-8CFA-1E6B92A15C16}.Release|Any CPU.Build.0 = Release|Any CPU
		{9539F101-C2AF-49B3-8CFA-1E6B92A15C16}.Release|x86.ActiveCfg = Release|Any CPU
		{9539F101-C2AF-49B3-8CFA-1E6B92A15C16}.Release|x86.Build.0 = Release|Any CPU
		{3FEAF14F-ED5C-43DA-8550-2790AC0F71D7}.Debug|Any CPU.ActiveCfg = Debug|Any CPU
		{3FEAF14F-ED5C-43DA-8550-2790AC0F71D7}.Debug|Any CPU.Build.0 = Debug|Any CPU
		{3FEAF14F-ED5C-43DA-8550-2790AC0F71D7}.Debug|x86.ActiveCfg = Debug|Any CPU
		{3FEAF14F-ED5C-43DA-8550-2790AC0F71D7}.Debug|x86.Build.0 = Debug|Any CPU
		{3FEAF14F-ED5C-43DA-8550-2790AC0F71D7}.Release|Any CPU.ActiveCfg = Release|Any CPU
		{3FEAF14F-ED5C-43DA-8550-2790AC0F71D7}.Release|Any CPU.Build.0 = Release|Any CPU
		{3FEAF14F-ED5C-43DA-8550-2790AC0F71D7}.Release|x86.ActiveCfg = Release|Any CPU
		{3FEAF14F-ED5C-43DA-8550-2790AC0F71D7}.Release|x86.Build.0 = Release|Any CPU
		{58C3B1AB-0E76-4827-9BEF-8D34377F9853}.Debug|Any CPU.ActiveCfg = Debug|Any CPU
		{58C3B1AB-0E76-4827-9BEF-8D34377F9853}.Debug|Any CPU.Build.0 = Debug|Any CPU
		{58C3B1AB-0E76-4827-9BEF-8D34377F9853}.Debug|x86.ActiveCfg = Debug|Any CPU
		{58C3B1AB-0E76-4827-9BEF-8D34377F9853}.Debug|x86.Build.0 = Debug|Any CPU
		{58C3B1AB-0E76-4827-9BEF-8D34377F9853}.Release|Any CPU.ActiveCfg = Release|Any CPU
		{58C3B1AB-0E76-4827-9BEF-8D34377F9853}.Release|Any CPU.Build.0 = Release|Any CPU
		{58C3B1AB-0E76-4827-9BEF-8D34377F9853}.Release|x86.ActiveCfg = Release|Any CPU
		{58C3B1AB-0E76-4827-9BEF-8D34377F9853}.Release|x86.Build.0 = Release|Any CPU
		{4A7963B1-C506-4C0B-9582-2A790878651E}.Debug|Any CPU.ActiveCfg = Debug|Any CPU
		{4A7963B1-C506-4C0B-9582-2A790878651E}.Debug|Any CPU.Build.0 = Debug|Any CPU
		{4A7963B1-C506-4C0B-9582-2A790878651E}.Debug|x86.ActiveCfg = Debug|Any CPU
		{4A7963B1-C506-4C0B-9582-2A790878651E}.Debug|x86.Build.0 = Debug|Any CPU
		{4A7963B1-C506-4C0B-9582-2A790878651E}.Release|Any CPU.ActiveCfg = Release|Any CPU
		{4A7963B1-C506-4C0B-9582-2A790878651E}.Release|Any CPU.Build.0 = Release|Any CPU
		{4A7963B1-C506-4C0B-9582-2A790878651E}.Release|x86.ActiveCfg = Release|Any CPU
		{4A7963B1-C506-4C0B-9582-2A790878651E}.Release|x86.Build.0 = Release|Any CPU
		{7D8A6ADD-5A3D-45F0-A3CD-9EBFA0929147}.Debug|Any CPU.ActiveCfg = Debug|Any CPU
		{7D8A6ADD-5A3D-45F0-A3CD-9EBFA0929147}.Debug|Any CPU.Build.0 = Debug|Any CPU
		{7D8A6ADD-5A3D-45F0-A3CD-9EBFA0929147}.Debug|x86.ActiveCfg = Debug|Any CPU
		{7D8A6ADD-5A3D-45F0-A3CD-9EBFA0929147}.Debug|x86.Build.0 = Debug|Any CPU
		{7D8A6ADD-5A3D-45F0-A3CD-9EBFA0929147}.Release|Any CPU.ActiveCfg = Release|Any CPU
		{7D8A6ADD-5A3D-45F0-A3CD-9EBFA0929147}.Release|Any CPU.Build.0 = Release|Any CPU
		{7D8A6ADD-5A3D-45F0-A3CD-9EBFA0929147}.Release|x86.ActiveCfg = Release|Any CPU
		{7D8A6ADD-5A3D-45F0-A3CD-9EBFA0929147}.Release|x86.Build.0 = Release|Any CPU
		{84528466-2A8D-4B04-B05D-551FD47FEF68}.Debug|Any CPU.ActiveCfg = Debug|Any CPU
		{84528466-2A8D-4B04-B05D-551FD47FEF68}.Debug|Any CPU.Build.0 = Debug|Any CPU
		{84528466-2A8D-4B04-B05D-551FD47FEF68}.Debug|x86.ActiveCfg = Debug|Any CPU
		{84528466-2A8D-4B04-B05D-551FD47FEF68}.Debug|x86.Build.0 = Debug|Any CPU
		{84528466-2A8D-4B04-B05D-551FD47FEF68}.Release|Any CPU.ActiveCfg = Release|Any CPU
		{84528466-2A8D-4B04-B05D-551FD47FEF68}.Release|Any CPU.Build.0 = Release|Any CPU
		{84528466-2A8D-4B04-B05D-551FD47FEF68}.Release|x86.ActiveCfg = Release|Any CPU
		{84528466-2A8D-4B04-B05D-551FD47FEF68}.Release|x86.Build.0 = Release|Any CPU
		{5FC816B4-F1AE-4745-A773-AA3A8E66DFDB}.Debug|Any CPU.ActiveCfg = Debug|Any CPU
		{5FC816B4-F1AE-4745-A773-AA3A8E66DFDB}.Debug|Any CPU.Build.0 = Debug|Any CPU
		{5FC816B4-F1AE-4745-A773-AA3A8E66DFDB}.Debug|x86.ActiveCfg = Debug|Any CPU
		{5FC816B4-F1AE-4745-A773-AA3A8E66DFDB}.Debug|x86.Build.0 = Debug|Any CPU
		{5FC816B4-F1AE-4745-A773-AA3A8E66DFDB}.Release|Any CPU.ActiveCfg = Release|Any CPU
		{5FC816B4-F1AE-4745-A773-AA3A8E66DFDB}.Release|Any CPU.Build.0 = Release|Any CPU
		{5FC816B4-F1AE-4745-A773-AA3A8E66DFDB}.Release|x86.ActiveCfg = Release|Any CPU
		{5FC816B4-F1AE-4745-A773-AA3A8E66DFDB}.Release|x86.Build.0 = Release|Any CPU
		{270DA4B7-0E9D-4C8F-9010-3F06376C58FD}.Debug|Any CPU.ActiveCfg = Debug|Any CPU
		{270DA4B7-0E9D-4C8F-9010-3F06376C58FD}.Debug|Any CPU.Build.0 = Debug|Any CPU
		{270DA4B7-0E9D-4C8F-9010-3F06376C58FD}.Debug|x86.ActiveCfg = Debug|Any CPU
		{270DA4B7-0E9D-4C8F-9010-3F06376C58FD}.Debug|x86.Build.0 = Debug|Any CPU
		{270DA4B7-0E9D-4C8F-9010-3F06376C58FD}.Release|Any CPU.ActiveCfg = Release|Any CPU
		{270DA4B7-0E9D-4C8F-9010-3F06376C58FD}.Release|Any CPU.Build.0 = Release|Any CPU
		{270DA4B7-0E9D-4C8F-9010-3F06376C58FD}.Release|x86.ActiveCfg = Release|Any CPU
		{270DA4B7-0E9D-4C8F-9010-3F06376C58FD}.Release|x86.Build.0 = Release|Any CPU
		{CDF286FB-EE81-4056-8BC2-A1C790CB5A4F}.Debug|Any CPU.ActiveCfg = Debug|Any CPU
		{CDF286FB-EE81-4056-8BC2-A1C790CB5A4F}.Debug|Any CPU.Build.0 = Debug|Any CPU
		{CDF286FB-EE81-4056-8BC2-A1C790CB5A4F}.Debug|x86.ActiveCfg = Debug|Any CPU
		{CDF286FB-EE81-4056-8BC2-A1C790CB5A4F}.Debug|x86.Build.0 = Debug|Any CPU
		{CDF286FB-EE81-4056-8BC2-A1C790CB5A4F}.Release|Any CPU.ActiveCfg = Release|Any CPU
		{CDF286FB-EE81-4056-8BC2-A1C790CB5A4F}.Release|Any CPU.Build.0 = Release|Any CPU
		{CDF286FB-EE81-4056-8BC2-A1C790CB5A4F}.Release|x86.ActiveCfg = Release|Any CPU
		{CDF286FB-EE81-4056-8BC2-A1C790CB5A4F}.Release|x86.Build.0 = Release|Any CPU
		{F7DD81F0-80FE-49D2-827B-CB4C644E8126}.Debug|Any CPU.ActiveCfg = Debug|Any CPU
		{F7DD81F0-80FE-49D2-827B-CB4C644E8126}.Debug|Any CPU.Build.0 = Debug|Any CPU
		{F7DD81F0-80FE-49D2-827B-CB4C644E8126}.Debug|x86.ActiveCfg = Debug|Any CPU
		{F7DD81F0-80FE-49D2-827B-CB4C644E8126}.Debug|x86.Build.0 = Debug|Any CPU
		{F7DD81F0-80FE-49D2-827B-CB4C644E8126}.Release|Any CPU.ActiveCfg = Release|Any CPU
		{F7DD81F0-80FE-49D2-827B-CB4C644E8126}.Release|Any CPU.Build.0 = Release|Any CPU
		{F7DD81F0-80FE-49D2-827B-CB4C644E8126}.Release|x86.ActiveCfg = Release|Any CPU
		{F7DD81F0-80FE-49D2-827B-CB4C644E8126}.Release|x86.Build.0 = Release|Any CPU
		{917ADB2F-430D-458B-8C1B-D2AA6D13BE18}.Debug|Any CPU.ActiveCfg = Debug|Any CPU
		{917ADB2F-430D-458B-8C1B-D2AA6D13BE18}.Debug|Any CPU.Build.0 = Debug|Any CPU
		{917ADB2F-430D-458B-8C1B-D2AA6D13BE18}.Debug|x86.ActiveCfg = Debug|Any CPU
		{917ADB2F-430D-458B-8C1B-D2AA6D13BE18}.Debug|x86.Build.0 = Debug|Any CPU
		{917ADB2F-430D-458B-8C1B-D2AA6D13BE18}.Release|Any CPU.ActiveCfg = Release|Any CPU
		{917ADB2F-430D-458B-8C1B-D2AA6D13BE18}.Release|Any CPU.Build.0 = Release|Any CPU
		{917ADB2F-430D-458B-8C1B-D2AA6D13BE18}.Release|x86.ActiveCfg = Release|Any CPU
		{917ADB2F-430D-458B-8C1B-D2AA6D13BE18}.Release|x86.Build.0 = Release|Any CPU
		{FFCEE3CE-EB3D-4409-9983-0F02FC8721F4}.Debug|Any CPU.ActiveCfg = Debug|Any CPU
		{FFCEE3CE-EB3D-4409-9983-0F02FC8721F4}.Debug|Any CPU.Build.0 = Debug|Any CPU
		{FFCEE3CE-EB3D-4409-9983-0F02FC8721F4}.Debug|x86.ActiveCfg = Debug|Any CPU
		{FFCEE3CE-EB3D-4409-9983-0F02FC8721F4}.Debug|x86.Build.0 = Debug|Any CPU
		{FFCEE3CE-EB3D-4409-9983-0F02FC8721F4}.Release|Any CPU.ActiveCfg = Release|Any CPU
		{FFCEE3CE-EB3D-4409-9983-0F02FC8721F4}.Release|Any CPU.Build.0 = Release|Any CPU
		{FFCEE3CE-EB3D-4409-9983-0F02FC8721F4}.Release|x86.ActiveCfg = Release|Any CPU
		{FFCEE3CE-EB3D-4409-9983-0F02FC8721F4}.Release|x86.Build.0 = Release|Any CPU
		{57DCAE90-7394-4A55-8BCD-59E4BB8A427E}.Debug|Any CPU.ActiveCfg = Debug|Any CPU
		{57DCAE90-7394-4A55-8BCD-59E4BB8A427E}.Debug|Any CPU.Build.0 = Debug|Any CPU
		{57DCAE90-7394-4A55-8BCD-59E4BB8A427E}.Debug|x86.ActiveCfg = Debug|Any CPU
		{57DCAE90-7394-4A55-8BCD-59E4BB8A427E}.Debug|x86.Build.0 = Debug|Any CPU
		{57DCAE90-7394-4A55-8BCD-59E4BB8A427E}.Release|Any CPU.ActiveCfg = Release|Any CPU
		{57DCAE90-7394-4A55-8BCD-59E4BB8A427E}.Release|Any CPU.Build.0 = Release|Any CPU
		{57DCAE90-7394-4A55-8BCD-59E4BB8A427E}.Release|x86.ActiveCfg = Release|Any CPU
		{57DCAE90-7394-4A55-8BCD-59E4BB8A427E}.Release|x86.Build.0 = Release|Any CPU
		{F08D9DAE-BFE8-4C65-9253-FB2AA2821E37}.Debug|Any CPU.ActiveCfg = Debug|Any CPU
		{F08D9DAE-BFE8-4C65-9253-FB2AA2821E37}.Debug|Any CPU.Build.0 = Debug|Any CPU
		{F08D9DAE-BFE8-4C65-9253-FB2AA2821E37}.Debug|x86.ActiveCfg = Debug|Any CPU
		{F08D9DAE-BFE8-4C65-9253-FB2AA2821E37}.Debug|x86.Build.0 = Debug|Any CPU
		{F08D9DAE-BFE8-4C65-9253-FB2AA2821E37}.Release|Any CPU.ActiveCfg = Release|Any CPU
		{F08D9DAE-BFE8-4C65-9253-FB2AA2821E37}.Release|Any CPU.Build.0 = Release|Any CPU
		{F08D9DAE-BFE8-4C65-9253-FB2AA2821E37}.Release|x86.ActiveCfg = Release|Any CPU
		{F08D9DAE-BFE8-4C65-9253-FB2AA2821E37}.Release|x86.Build.0 = Release|Any CPU
		{A2BB9D5E-66CD-4478-95D1-D32E4BDD25F4}.Debug|Any CPU.ActiveCfg = Debug|Any CPU
		{A2BB9D5E-66CD-4478-95D1-D32E4BDD25F4}.Debug|Any CPU.Build.0 = Debug|Any CPU
		{A2BB9D5E-66CD-4478-95D1-D32E4BDD25F4}.Debug|x86.ActiveCfg = Debug|Any CPU
		{A2BB9D5E-66CD-4478-95D1-D32E4BDD25F4}.Debug|x86.Build.0 = Debug|Any CPU
		{A2BB9D5E-66CD-4478-95D1-D32E4BDD25F4}.Release|Any CPU.ActiveCfg = Release|Any CPU
		{A2BB9D5E-66CD-4478-95D1-D32E4BDD25F4}.Release|Any CPU.Build.0 = Release|Any CPU
		{A2BB9D5E-66CD-4478-95D1-D32E4BDD25F4}.Release|x86.ActiveCfg = Release|Any CPU
		{A2BB9D5E-66CD-4478-95D1-D32E4BDD25F4}.Release|x86.Build.0 = Release|Any CPU
		{D26C9EA3-F10E-4921-A3ED-5F80364C9D5B}.Debug|Any CPU.ActiveCfg = Debug|Any CPU
		{D26C9EA3-F10E-4921-A3ED-5F80364C9D5B}.Debug|Any CPU.Build.0 = Debug|Any CPU
		{D26C9EA3-F10E-4921-A3ED-5F80364C9D5B}.Debug|x86.ActiveCfg = Debug|Any CPU
		{D26C9EA3-F10E-4921-A3ED-5F80364C9D5B}.Debug|x86.Build.0 = Debug|Any CPU
		{D26C9EA3-F10E-4921-A3ED-5F80364C9D5B}.Release|Any CPU.ActiveCfg = Release|Any CPU
		{D26C9EA3-F10E-4921-A3ED-5F80364C9D5B}.Release|Any CPU.Build.0 = Release|Any CPU
		{D26C9EA3-F10E-4921-A3ED-5F80364C9D5B}.Release|x86.ActiveCfg = Release|Any CPU
		{D26C9EA3-F10E-4921-A3ED-5F80364C9D5B}.Release|x86.Build.0 = Release|Any CPU
		{D1427ADF-5398-4B63-B592-5BB5D652073F}.Debug|Any CPU.ActiveCfg = Debug|Any CPU
		{D1427ADF-5398-4B63-B592-5BB5D652073F}.Debug|Any CPU.Build.0 = Debug|Any CPU
		{D1427ADF-5398-4B63-B592-5BB5D652073F}.Debug|x86.ActiveCfg = Debug|Any CPU
		{D1427ADF-5398-4B63-B592-5BB5D652073F}.Debug|x86.Build.0 = Debug|Any CPU
		{D1427ADF-5398-4B63-B592-5BB5D652073F}.Release|Any CPU.ActiveCfg = Release|Any CPU
		{D1427ADF-5398-4B63-B592-5BB5D652073F}.Release|Any CPU.Build.0 = Release|Any CPU
		{D1427ADF-5398-4B63-B592-5BB5D652073F}.Release|x86.ActiveCfg = Release|Any CPU
		{D1427ADF-5398-4B63-B592-5BB5D652073F}.Release|x86.Build.0 = Release|Any CPU
		{0E9BDC45-A322-4F0B-A91D-43990DE03AAF}.Debug|Any CPU.ActiveCfg = Debug|Any CPU
		{0E9BDC45-A322-4F0B-A91D-43990DE03AAF}.Debug|Any CPU.Build.0 = Debug|Any CPU
		{0E9BDC45-A322-4F0B-A91D-43990DE03AAF}.Debug|x86.ActiveCfg = Debug|Any CPU
		{0E9BDC45-A322-4F0B-A91D-43990DE03AAF}.Debug|x86.Build.0 = Debug|Any CPU
		{0E9BDC45-A322-4F0B-A91D-43990DE03AAF}.Release|Any CPU.ActiveCfg = Release|Any CPU
		{0E9BDC45-A322-4F0B-A91D-43990DE03AAF}.Release|Any CPU.Build.0 = Release|Any CPU
		{0E9BDC45-A322-4F0B-A91D-43990DE03AAF}.Release|x86.ActiveCfg = Release|Any CPU
		{0E9BDC45-A322-4F0B-A91D-43990DE03AAF}.Release|x86.Build.0 = Release|Any CPU
		{53194666-0DDD-430D-BF4D-CBAD5D144B2F}.Debug|Any CPU.ActiveCfg = Debug|Any CPU
		{53194666-0DDD-430D-BF4D-CBAD5D144B2F}.Debug|Any CPU.Build.0 = Debug|Any CPU
		{53194666-0DDD-430D-BF4D-CBAD5D144B2F}.Debug|x86.ActiveCfg = Debug|Any CPU
		{53194666-0DDD-430D-BF4D-CBAD5D144B2F}.Debug|x86.Build.0 = Debug|Any CPU
		{53194666-0DDD-430D-BF4D-CBAD5D144B2F}.Release|Any CPU.ActiveCfg = Release|Any CPU
		{53194666-0DDD-430D-BF4D-CBAD5D144B2F}.Release|Any CPU.Build.0 = Release|Any CPU
		{53194666-0DDD-430D-BF4D-CBAD5D144B2F}.Release|x86.ActiveCfg = Release|Any CPU
		{53194666-0DDD-430D-BF4D-CBAD5D144B2F}.Release|x86.Build.0 = Release|Any CPU
		{2A32FAE9-E6E6-4B03-900B-9C322C45D109}.Debug|Any CPU.ActiveCfg = Debug|Any CPU
		{2A32FAE9-E6E6-4B03-900B-9C322C45D109}.Debug|Any CPU.Build.0 = Debug|Any CPU
		{2A32FAE9-E6E6-4B03-900B-9C322C45D109}.Debug|x86.ActiveCfg = Debug|Any CPU
		{2A32FAE9-E6E6-4B03-900B-9C322C45D109}.Debug|x86.Build.0 = Debug|Any CPU
		{2A32FAE9-E6E6-4B03-900B-9C322C45D109}.Release|Any CPU.ActiveCfg = Release|Any CPU
		{2A32FAE9-E6E6-4B03-900B-9C322C45D109}.Release|Any CPU.Build.0 = Release|Any CPU
		{2A32FAE9-E6E6-4B03-900B-9C322C45D109}.Release|x86.ActiveCfg = Release|Any CPU
		{2A32FAE9-E6E6-4B03-900B-9C322C45D109}.Release|x86.Build.0 = Release|Any CPU
		{801FA6DD-CA3A-4BDB-A452-CADA725B8E66}.Debug|Any CPU.ActiveCfg = Debug|Any CPU
		{801FA6DD-CA3A-4BDB-A452-CADA725B8E66}.Debug|Any CPU.Build.0 = Debug|Any CPU
		{801FA6DD-CA3A-4BDB-A452-CADA725B8E66}.Debug|x86.ActiveCfg = Debug|Any CPU
		{801FA6DD-CA3A-4BDB-A452-CADA725B8E66}.Debug|x86.Build.0 = Debug|Any CPU
		{801FA6DD-CA3A-4BDB-A452-CADA725B8E66}.Release|Any CPU.ActiveCfg = Release|Any CPU
		{801FA6DD-CA3A-4BDB-A452-CADA725B8E66}.Release|Any CPU.Build.0 = Release|Any CPU
		{801FA6DD-CA3A-4BDB-A452-CADA725B8E66}.Release|x86.ActiveCfg = Release|Any CPU
		{801FA6DD-CA3A-4BDB-A452-CADA725B8E66}.Release|x86.Build.0 = Release|Any CPU
		{C032288D-6D6C-48AB-A8AA-E26948E60AA6}.Debug|Any CPU.ActiveCfg = Debug|Any CPU
		{C032288D-6D6C-48AB-A8AA-E26948E60AA6}.Debug|Any CPU.Build.0 = Debug|Any CPU
		{C032288D-6D6C-48AB-A8AA-E26948E60AA6}.Debug|x86.ActiveCfg = Debug|Any CPU
		{C032288D-6D6C-48AB-A8AA-E26948E60AA6}.Debug|x86.Build.0 = Debug|Any CPU
		{C032288D-6D6C-48AB-A8AA-E26948E60AA6}.Release|Any CPU.ActiveCfg = Release|Any CPU
		{C032288D-6D6C-48AB-A8AA-E26948E60AA6}.Release|Any CPU.Build.0 = Release|Any CPU
		{C032288D-6D6C-48AB-A8AA-E26948E60AA6}.Release|x86.ActiveCfg = Release|Any CPU
		{C032288D-6D6C-48AB-A8AA-E26948E60AA6}.Release|x86.Build.0 = Release|Any CPU
		{12ABB577-ED7F-42FE-903A-EAEEF67CFFCA}.Debug|Any CPU.ActiveCfg = Debug|Any CPU
		{12ABB577-ED7F-42FE-903A-EAEEF67CFFCA}.Debug|Any CPU.Build.0 = Debug|Any CPU
		{12ABB577-ED7F-42FE-903A-EAEEF67CFFCA}.Debug|x86.ActiveCfg = Debug|Any CPU
		{12ABB577-ED7F-42FE-903A-EAEEF67CFFCA}.Debug|x86.Build.0 = Debug|Any CPU
		{12ABB577-ED7F-42FE-903A-EAEEF67CFFCA}.Release|Any CPU.ActiveCfg = Release|Any CPU
		{12ABB577-ED7F-42FE-903A-EAEEF67CFFCA}.Release|Any CPU.Build.0 = Release|Any CPU
		{12ABB577-ED7F-42FE-903A-EAEEF67CFFCA}.Release|x86.ActiveCfg = Release|Any CPU
		{12ABB577-ED7F-42FE-903A-EAEEF67CFFCA}.Release|x86.Build.0 = Release|Any CPU
		{9A19A2B8-C456-487A-9C44-FD8B32A1C128}.Debug|Any CPU.ActiveCfg = Debug|Any CPU
		{9A19A2B8-C456-487A-9C44-FD8B32A1C128}.Debug|Any CPU.Build.0 = Debug|Any CPU
		{9A19A2B8-C456-487A-9C44-FD8B32A1C128}.Debug|x86.ActiveCfg = Debug|Any CPU
		{9A19A2B8-C456-487A-9C44-FD8B32A1C128}.Debug|x86.Build.0 = Debug|Any CPU
		{9A19A2B8-C456-487A-9C44-FD8B32A1C128}.Release|Any CPU.ActiveCfg = Release|Any CPU
		{9A19A2B8-C456-487A-9C44-FD8B32A1C128}.Release|Any CPU.Build.0 = Release|Any CPU
		{9A19A2B8-C456-487A-9C44-FD8B32A1C128}.Release|x86.ActiveCfg = Release|Any CPU
		{9A19A2B8-C456-487A-9C44-FD8B32A1C128}.Release|x86.Build.0 = Release|Any CPU
	EndGlobalSection
	GlobalSection(SolutionProperties) = preSolution
		HideSolutionNode = FALSE
	EndGlobalSection
	GlobalSection(NestedProjects) = preSolution
		{09D6A5A6-06F1-48CC-9CCE-03DFAB8DAD8C} = {4B580D44-9E2E-473C-B21E-F65E902C57CC}
		{BDE719CC-4C31-4B42-8B85-3F0AA7F013CB} = {4B580D44-9E2E-473C-B21E-F65E902C57CC}
		{4D0D1A58-CF94-426C-A571-3BE102678900} = {0604099C-CAEE-4CB8-B501-AE9BA77DCF30}
		{86E1F509-A8B5-466B-9C75-FF8C506C8F5B} = {4B580D44-9E2E-473C-B21E-F65E902C57CC}
		{7C784C93-6AB5-4342-B916-7E3A0886398E} = {4B580D44-9E2E-473C-B21E-F65E902C57CC}
		{1DA396B1-5A18-4779-B902-C893FA2DEBB9} = {C1046519-4E58-48C0-B374-96531C80AAC1}
		{50F81B10-EFA0-4983-BCCF-9978EDB91A02} = {4B580D44-9E2E-473C-B21E-F65E902C57CC}
		{2DE10180-3C10-4CCC-B61C-99450FD94256} = {C1046519-4E58-48C0-B374-96531C80AAC1}
		{3159AD36-F464-474D-8CBA-C4E1FB1EE61B} = {4B580D44-9E2E-473C-B21E-F65E902C57CC}
		{E782856A-E8C2-4BE4-B4BA-7FDE3911F1CA} = {4B580D44-9E2E-473C-B21E-F65E902C57CC}
		{807D2092-41C1-44BF-9449-14CD1DCD4F30} = {56C3D174-BEA5-449F-B606-BB9DC9E4C4D5}
		{48E02B9D-10B0-471E-ACA3-CB592917E20D} = {C1046519-4E58-48C0-B374-96531C80AAC1}
		{47DC4558-7849-46EA-A20E-8390E3F65DC2} = {26DD4B1F-6173-44D7-B1B6-5142ED19CBEB}
		{ADE3AF0A-82DD-4B37-9F27-A35140924EF5} = {4B580D44-9E2E-473C-B21E-F65E902C57CC}
		{D425EB07-C4ED-4879-AD29-D11E92F95647} = {56C3D174-BEA5-449F-B606-BB9DC9E4C4D5}
		{996709D9-007B-4D86-B1BF-66554BB9B03A} = {0604099C-CAEE-4CB8-B501-AE9BA77DCF30}
		{63E31B12-08D8-44C8-ACCF-D00F11518642} = {4B580D44-9E2E-473C-B21E-F65E902C57CC}
		{28F7CFCB-1366-4291-B09E-5AF38E203D57} = {0604099C-CAEE-4CB8-B501-AE9BA77DCF30}
		{1B7487A0-5DB9-4659-912B-D7DE5EC77267} = {4B580D44-9E2E-473C-B21E-F65E902C57CC}
		{9AD5078F-0623-44B4-992A-3170563931BF} = {C1046519-4E58-48C0-B374-96531C80AAC1}
		{9C263253-69BF-413D-8169-531B19E89877} = {C1046519-4E58-48C0-B374-96531C80AAC1}
		{71CDF183-7FE5-4FE6-987F-29AD92412A61} = {4B580D44-9E2E-473C-B21E-F65E902C57CC}
		{3A7740CE-F48C-42DB-A112-BA97CE724E3F} = {4B580D44-9E2E-473C-B21E-F65E902C57CC}
		{83083AE4-1A80-495D-8671-4FA42195A481} = {6629E00C-CA8D-4F8E-B1B8-3F6B3C2517BA}
		{67EDA9EC-F613-43A1-9D4B-FCEDB99818A6} = {6629E00C-CA8D-4F8E-B1B8-3F6B3C2517BA}
		{F524831F-793D-44D8-A595-F95A9DAD6343} = {4B580D44-9E2E-473C-B21E-F65E902C57CC}
		{B1D6DF79-5751-4171-B578-482F3567837E} = {4B580D44-9E2E-473C-B21E-F65E902C57CC}
		{7DE0A26D-15A7-4578-BE5B-76D4E3B3C2F8} = {4B580D44-9E2E-473C-B21E-F65E902C57CC}
		{1F71EF93-0D54-4719-A00E-2548BC02DAE1} = {4B580D44-9E2E-473C-B21E-F65E902C57CC}
		{E8A266FF-53C6-46D6-9169-A5BFD8D52C73} = {8D495939-8B6A-4540-B2C2-72F4414137CE}
		{0A81F120-1CF3-4A55-AFF0-E52A48B9ADDA} = {8D495939-8B6A-4540-B2C2-72F4414137CE}
		{1CDD9447-EEDD-45ED-9085-EE35874D0C15} = {8D495939-8B6A-4540-B2C2-72F4414137CE}
		{7C7CD4D9-1ABA-4478-8EEC-2407561E52D1} = {8D495939-8B6A-4540-B2C2-72F4414137CE}
		{0F196A97-F2C7-4771-BF88-1B0EF1685224} = {8D495939-8B6A-4540-B2C2-72F4414137CE}
		{F79E0595-71F3-47EB-9B34-4662FEE5B161} = {8D495939-8B6A-4540-B2C2-72F4414137CE}
		{3485C68F-590D-45B7-A384-2D00C9BFBF71} = {83159E19-D5D1-4B1F-B114-C728B6E49186}
		{6B8186D4-A57D-4EE1-B7BF-439714EC6CEF} = {83159E19-D5D1-4B1F-B114-C728B6E49186}
		{7766B59D-196C-4B73-96D0-F74F382A1BC3} = {4B580D44-9E2E-473C-B21E-F65E902C57CC}
		{CF58DB9B-0D87-4F03-B389-6BA9A12ED225} = {4B580D44-9E2E-473C-B21E-F65E902C57CC}
		{A8F12501-3540-4F40-BA55-D5633B649435} = {56C3D174-BEA5-449F-B606-BB9DC9E4C4D5}
		{605DA64F-AC01-45A9-96F1-370F8237932B} = {8D495939-8B6A-4540-B2C2-72F4414137CE}
		{348391B8-DAF1-457C-A8F1-9FAC52E370A7} = {4B580D44-9E2E-473C-B21E-F65E902C57CC}
		{172E0716-E2BD-4B96-82C7-C8457BDBD30B} = {48F22180-EF6E-4877-94A6-F003F07EFC2F}
		{10E7EE05-CEDE-44D8-B9A4-66ADA7A155C8} = {48F22180-EF6E-4877-94A6-F003F07EFC2F}
		{1BE2FFD8-966D-45BC-94A6-B3968A3C9758} = {26DD4B1F-6173-44D7-B1B6-5142ED19CBEB}
		{CAFEE8B1-7024-4FF6-9C77-D70F551BFEBA} = {12150705-3B66-4665-97AF-9A31556A48BA}
		{8F765F2E-F8CC-4442-A6BF-A0A8AFC23691} = {12150705-3B66-4665-97AF-9A31556A48BA}
		{22541CFD-79B4-4DC0-B208-6BE0A673C1C0} = {4B580D44-9E2E-473C-B21E-F65E902C57CC}
		{1ACD2CAB-8E39-405A-B2C0-10ABF52696F5} = {A1BD563E-949F-43A8-A7C4-A00F0210884A}
		{9539F101-C2AF-49B3-8CFA-1E6B92A15C16} = {A1BD563E-949F-43A8-A7C4-A00F0210884A}
		{3FEAF14F-ED5C-43DA-8550-2790AC0F71D7} = {A1BD563E-949F-43A8-A7C4-A00F0210884A}
		{58C3B1AB-0E76-4827-9BEF-8D34377F9853} = {19DC3D9B-840F-4B16-9641-09BDB9740DE7}
		{38C115B1-5124-4ED0-B532-7B84540989F0} = {19DC3D9B-840F-4B16-9641-09BDB9740DE7}
		{4A7963B1-C506-4C0B-9582-2A790878651E} = {38C115B1-5124-4ED0-B532-7B84540989F0}
		{7D8A6ADD-5A3D-45F0-A3CD-9EBFA0929147} = {38C115B1-5124-4ED0-B532-7B84540989F0}
		{BF67845E-4313-455E-A637-D24964B5197C} = {19DC3D9B-840F-4B16-9641-09BDB9740DE7}
		{84528466-2A8D-4B04-B05D-551FD47FEF68} = {BF67845E-4313-455E-A637-D24964B5197C}
		{5FC816B4-F1AE-4745-A773-AA3A8E66DFDB} = {BF67845E-4313-455E-A637-D24964B5197C}
		{270DA4B7-0E9D-4C8F-9010-3F06376C58FD} = {1189F5E9-AFBE-4C9F-A758-CF5AE927DC25}
		{CDF286FB-EE81-4056-8BC2-A1C790CB5A4F} = {09599862-85E4-4245-996E-264B576CE557}
		{F7DD81F0-80FE-49D2-827B-CB4C644E8126} = {09599862-85E4-4245-996E-264B576CE557}
		{917ADB2F-430D-458B-8C1B-D2AA6D13BE18} = {09599862-85E4-4245-996E-264B576CE557}
		{FFCEE3CE-EB3D-4409-9983-0F02FC8721F4} = {09599862-85E4-4245-996E-264B576CE557}
		{57DCAE90-7394-4A55-8BCD-59E4BB8A427E} = {09599862-85E4-4245-996E-264B576CE557}
		{12ABB577-ED7F-42FE-903A-EAEEF67CFFCA} = {4B580D44-9E2E-473C-B21E-F65E902C57CC}
		{9A19A2B8-C456-487A-9C44-FD8B32A1C128} = {4B580D44-9E2E-473C-B21E-F65E902C57CC}
	EndGlobalSection
	GlobalSection(ExtensibilityGlobals) = postSolution
		SolutionGuid = {D1815C20-CFA4-4A9E-93D9-0F7C5158047E}
	EndGlobalSection
EndGlobal
