
Microsoft Visual Studio Solution File, Format Version 12.00
# Visual Studio Version 17
VisualStudioVersion = 17.6.33717.318
MinimumVisualStudioVersion = 10.0.40219.1
Project("{9A19103F-16F7-4668-BE54-9A1E7A4F7556}") = "ProDemo", "ProDemo\ProDemo.csproj", "{09D6A5A6-06F1-48CC-9CCE-03DFAB8DAD8C}"
EndProject
Project("{9A19103F-16F7-4668-BE54-9A1E7A4F7556}") = "ProDemo2", "ProDemo2\ProDemo2.csproj", "{A4608260-4A2A-4109-8471-F7DD588C2407}"
EndProject
Project("{9A19103F-16F7-4668-BE54-9A1E7A4F7556}") = "CreateToken", "CreateToken\CreateToken.csproj", "{59F76AE5-A06D-4990-826F-6094FB2E4AC4}"
EndProject
Project("{9A19103F-16F7-4668-BE54-9A1E7A4F7556}") = "ProIndexes", "ProIndexes\ProIndexes.csproj", "{607EC3FB-DD5F-4B5B-980D-9DC1D62C7A64}"
EndProject
Project("{9A19103F-16F7-4668-BE54-9A1E7A4F7556}") = "ProDemo3", "ProDemo3\ProDemo3.csproj", "{C3AA452C-531F-440D-B54D-C1FD7A711ACD}"
EndProject
Project("{9A19103F-16F7-4668-BE54-9A1E7A4F7556}") = "Expression", "ProDemo4\Expression.csproj", "{BDE719CC-4C31-4B42-8B85-3F0AA7F013CB}"
EndProject
Project("{9A19103F-16F7-4668-BE54-9A1E7A4F7556}") = "ProRedis_Func", "ProRedis\ProRedis_Func.csproj", "{7B104D07-068A-4F79-8E57-A2CD563714A9}"
EndProject
Project("{9A19103F-16F7-4668-BE54-9A1E7A4F7556}") = "ProIOC", "ProIOC\ProIOC.csproj", "{291E2C28-E1BE-4745-BFC2-DD4403F4982D}"
EndProject
Project("{9A19103F-16F7-4668-BE54-9A1E7A4F7556}") = "ProMyStartUp", "ProNetCore\ProMyStartUp.csproj", "{9E89B27A-25E5-4F92-AC29-136AF0B33037}"
EndProject
Project("{9A19103F-16F7-4668-BE54-9A1E7A4F7556}") = "ProMiddleWare", "ProNetCore2\ProMiddleWare.csproj", "{4D0D1A58-CF94-426C-A571-3BE102678900}"
EndProject
Project("{9A19103F-16F7-4668-BE54-9A1E7A4F7556}") = "ProAuthorization", "WebApplication1\ProAuthorization.csproj", "{1CAF0522-B45A-4B0B-8B78-E3662503D87E}"
EndProject
Project("{9A19103F-16F7-4668-BE54-9A1E7A4F7556}") = "ConsoleApp2", "ConsoleApp2\ConsoleApp2.csproj", "{001FFAAE-D5E4-470C-B343-EC9D35702630}"
EndProject
Project("{9A19103F-16F7-4668-BE54-9A1E7A4F7556}") = "ProException", "ProException\ProException.csproj", "{86E1F509-A8B5-466B-9C75-FF8C506C8F5B}"
EndProject
Project("{9A19103F-16F7-4668-BE54-9A1E7A4F7556}") = "S3Storage", "S3Storage\S3Storage.csproj", "{7C784C93-6AB5-4342-B916-7E3A0886398E}"
EndProject
Project("{9A19103F-16F7-4668-BE54-9A1E7A4F7556}") = "ProLock", "ProLock\ProLock.csproj", "{1DA396B1-5A18-4779-B902-C893FA2DEBB9}"
EndProject
Project("{9A19103F-16F7-4668-BE54-9A1E7A4F7556}") = "ProEqual", "ProEventArgs\ProEqual.csproj", "{50F81B10-EFA0-4983-BCCF-9978EDB91A02}"
EndProject
Project("{9A19103F-16F7-4668-BE54-9A1E7A4F7556}") = "ProExpection", "ProExpection\ProExpection.csproj", "{730CFEFF-790E-41B7-A43C-4B231DEBBDFE}"
EndProject
Project("{9A19103F-16F7-4668-BE54-9A1E7A4F7556}") = "ProThreadResult", "ProThreadResult\ProThreadResult.csproj", "{2DE10180-3C10-4CCC-B61C-99450FD94256}"
EndProject
Project("{9A19103F-16F7-4668-BE54-9A1E7A4F7556}") = "ProDelegate", "ProDelagate\ProDelegate.csproj", "{3159AD36-F464-474D-8CBA-C4E1FB1EE61B}"
EndProject
Project("{9A19103F-16F7-4668-BE54-9A1E7A4F7556}") = "ProRabbitMq", "ProRabbitMq\ProRabbitMq.csproj", "{E782856A-E8C2-4BE4-B4BA-7FDE3911F1CA}"
EndProject
Project("{9A19103F-16F7-4668-BE54-9A1E7A4F7556}") = "AOP", "AOP\AOP.csproj", "{807D2092-41C1-44BF-9449-14CD1DCD4F30}"
EndProject
Project("{9A19103F-16F7-4668-BE54-9A1E7A4F7556}") = "ProSingletonStatic", "ProSingletonStatic\ProSingletonStatic.csproj", "{48E02B9D-10B0-471E-ACA3-CB592917E20D}"
EndProject
Project("{9A19103F-16F7-4668-BE54-9A1E7A4F7556}") = "FactoryPatter", "FactoryPatter\FactoryPatter.csproj", "{47DC4558-7849-46EA-A20E-8390E3F65DC2}"
EndProject
Project("{9A19103F-16F7-4668-BE54-9A1E7A4F7556}") = "Sha1", "Sha1\Sha1.csproj", "{ADE3AF0A-82DD-4B37-9F27-A35140924EF5}"
EndProject
Project("{9A19103F-16F7-4668-BE54-9A1E7A4F7556}") = "AOP2", "AOP2\AOP2.csproj", "{D425EB07-C4ED-4879-AD29-D11E92F95647}"
EndProject
Project("{9A19103F-16F7-4668-BE54-9A1E7A4F7556}") = "AOPNetCore", "AOPNetCore\AOPNetCore.csproj", "{996709D9-007B-4D86-B1BF-66554BB9B03A}"
EndProject
Project("{9A19103F-16F7-4668-BE54-9A1E7A4F7556}") = "CoreRateLimit", "AspNetCoreRateLimit\CoreRateLimit.csproj", "{63E31B12-08D8-44C8-ACCF-D00F11518642}"
EndProject
Project("{9A19103F-16F7-4668-BE54-9A1E7A4F7556}") = "ProCancellationTokenSource", "ProCancellationTokenSource\ProCancellationTokenSource.csproj", "{DCEA3857-E2AF-4118-B52B-C966E00DE18A}"
EndProject
Project("{9A19103F-16F7-4668-BE54-9A1E7A4F7556}") = "ProList", "ProList\ProList.csproj", "{8C127211-7B9C-407B-8D78-859C5A366DF1}"
EndProject
Project("{9A19103F-16F7-4668-BE54-9A1E7A4F7556}") = "ProUseRun", "ProUseRun\ProUseRun.csproj", "{28F7CFCB-1366-4291-B09E-5AF38E203D57}"
EndProject
Project("{9A19103F-16F7-4668-BE54-9A1E7A4F7556}") = "ConsoleApp3", "ConsoleApp3\ConsoleApp3.csproj", "{EEA1043D-1F5D-40AE-B1D0-7EF3DDCB6978}"
EndProject
Project("{9A19103F-16F7-4668-BE54-9A1E7A4F7556}") = "Proattribute", "Proattribute\Proattribute.csproj", "{BA8EB893-8BAD-4B1E-B709-A4D18D56733F}"
EndProject
Project("{9A19103F-16F7-4668-BE54-9A1E7A4F7556}") = "ProCache", "ProCache\ProCache.csproj", "{18086DC2-072A-4528-9B4B-36E2A60C99AD}"
EndProject
Project("{9A19103F-16F7-4668-BE54-9A1E7A4F7556}") = "ProJWT", "ProJWT\ProJWT.csproj", "{5E1193CB-8C87-49E0-B709-12274FA977D2}"
EndProject
Project("{9A19103F-16F7-4668-BE54-9A1E7A4F7556}") = "ProDES", "ProDES\ProDES.csproj", "{1B7487A0-5DB9-4659-912B-D7DE5EC77267}"
EndProject
Project("{9A19103F-16F7-4668-BE54-9A1E7A4F7556}") = "ProDisposable", "ProDisposable\ProDisposable.csproj", "{A94190EC-3CB8-45F4-AD94-F82218048D9C}"
EndProject
Project("{9A19103F-16F7-4668-BE54-9A1E7A4F7556}") = "ProSemaphore", "ProSemaphore\ProSemaphore.csproj", "{9AD5078F-0623-44B4-992A-3170563931BF}"
EndProject
Project("{9A19103F-16F7-4668-BE54-9A1E7A4F7556}") = "ProEventHandler", "ProEventHandler\ProEventHandler.csproj", "{0612568D-621E-4F22-AE55-FF5468FEEABC}"
EndProject
Project("{9A19103F-16F7-4668-BE54-9A1E7A4F7556}") = "ProJsonSerializerSettings", "ProJsonSerializerSettings\ProJsonSerializerSettings.csproj", "{571492DF-D0DE-4D64-8F0A-B92726F4F18A}"
EndProject
Project("{9A19103F-16F7-4668-BE54-9A1E7A4F7556}") = "ProSpinLock", "ProSpinLock\ProSpinLock.csproj", "{9C263253-69BF-413D-8169-531B19E89877}"
EndProject
Project("{9A19103F-16F7-4668-BE54-9A1E7A4F7556}") = "ProCloneable", "ProCloneable\ProCloneable.csproj", "{71CDF183-7FE5-4FE6-987F-29AD92412A61}"
EndProject
Project("{FAE04EC0-301F-11D3-BF4B-00C04F79EFBC}") = "MediatorDemo", "MediatorDemo\MediatorDemo.csproj", "{E2B04A36-D459-46DF-BE8F-CCFD8F2EFBC1}"
EndProject
Global
	GlobalSection(SolutionConfigurationPlatforms) = preSolution
		Debug|Any CPU = Debug|Any CPU
		Release|Any CPU = Release|Any CPU
	EndGlobalSection
	GlobalSection(ProjectConfigurationPlatforms) = postSolution
		{09D6A5A6-06F1-48CC-9CCE-03DFAB8DAD8C}.Debug|Any CPU.ActiveCfg = Debug|Any CPU
		{09D6A5A6-06F1-48CC-9CCE-03DFAB8DAD8C}.Debug|Any CPU.Build.0 = Debug|Any CPU
		{09D6A5A6-06F1-48CC-9CCE-03DFAB8DAD8C}.Release|Any CPU.ActiveCfg = Release|Any CPU
		{09D6A5A6-06F1-48CC-9CCE-03DFAB8DAD8C}.Release|Any CPU.Build.0 = Release|Any CPU
		{A4608260-4A2A-4109-8471-F7DD588C2407}.Debug|Any CPU.ActiveCfg = Debug|Any CPU
		{A4608260-4A2A-4109-8471-F7DD588C2407}.Debug|Any CPU.Build.0 = Debug|Any CPU
		{A4608260-4A2A-4109-8471-F7DD588C2407}.Release|Any CPU.ActiveCfg = Release|Any CPU
		{A4608260-4A2A-4109-8471-F7DD588C2407}.Release|Any CPU.Build.0 = Release|Any CPU
		{59F76AE5-A06D-4990-826F-6094FB2E4AC4}.Debug|Any CPU.ActiveCfg = Debug|Any CPU
		{59F76AE5-A06D-4990-826F-6094FB2E4AC4}.Debug|Any CPU.Build.0 = Debug|Any CPU
		{59F76AE5-A06D-4990-826F-6094FB2E4AC4}.Release|Any CPU.ActiveCfg = Release|Any CPU
		{59F76AE5-A06D-4990-826F-6094FB2E4AC4}.Release|Any CPU.Build.0 = Release|Any CPU
		{607EC3FB-DD5F-4B5B-980D-9DC1D62C7A64}.Debug|Any CPU.ActiveCfg = Debug|Any CPU
		{607EC3FB-DD5F-4B5B-980D-9DC1D62C7A64}.Debug|Any CPU.Build.0 = Debug|Any CPU
		{607EC3FB-DD5F-4B5B-980D-9DC1D62C7A64}.Release|Any CPU.ActiveCfg = Release|Any CPU
		{607EC3FB-DD5F-4B5B-980D-9DC1D62C7A64}.Release|Any CPU.Build.0 = Release|Any CPU
		{C3AA452C-531F-440D-B54D-C1FD7A711ACD}.Debug|Any CPU.ActiveCfg = Debug|Any CPU
		{C3AA452C-531F-440D-B54D-C1FD7A711ACD}.Debug|Any CPU.Build.0 = Debug|Any CPU
		{C3AA452C-531F-440D-B54D-C1FD7A711ACD}.Release|Any CPU.ActiveCfg = Release|Any CPU
		{C3AA452C-531F-440D-B54D-C1FD7A711ACD}.Release|Any CPU.Build.0 = Release|Any CPU
		{BDE719CC-4C31-4B42-8B85-3F0AA7F013CB}.Debug|Any CPU.ActiveCfg = Debug|Any CPU
		{BDE719CC-4C31-4B42-8B85-3F0AA7F013CB}.Debug|Any CPU.Build.0 = Debug|Any CPU
		{BDE719CC-4C31-4B42-8B85-3F0AA7F013CB}.Release|Any CPU.ActiveCfg = Release|Any CPU
		{BDE719CC-4C31-4B42-8B85-3F0AA7F013CB}.Release|Any CPU.Build.0 = Release|Any CPU
		{7B104D07-068A-4F79-8E57-A2CD563714A9}.Debug|Any CPU.ActiveCfg = Debug|Any CPU
		{7B104D07-068A-4F79-8E57-A2CD563714A9}.Debug|Any CPU.Build.0 = Debug|Any CPU
		{7B104D07-068A-4F79-8E57-A2CD563714A9}.Release|Any CPU.ActiveCfg = Release|Any CPU
		{7B104D07-068A-4F79-8E57-A2CD563714A9}.Release|Any CPU.Build.0 = Release|Any CPU
		{291E2C28-E1BE-4745-BFC2-DD4403F4982D}.Debug|Any CPU.ActiveCfg = Debug|Any CPU
		{291E2C28-E1BE-4745-BFC2-DD4403F4982D}.Debug|Any CPU.Build.0 = Debug|Any CPU
		{291E2C28-E1BE-4745-BFC2-DD4403F4982D}.Release|Any CPU.ActiveCfg = Release|Any CPU
		{291E2C28-E1BE-4745-BFC2-DD4403F4982D}.Release|Any CPU.Build.0 = Release|Any CPU
		{9E89B27A-25E5-4F92-AC29-136AF0B33037}.Debug|Any CPU.ActiveCfg = Debug|Any CPU
		{9E89B27A-25E5-4F92-AC29-136AF0B33037}.Debug|Any CPU.Build.0 = Debug|Any CPU
		{9E89B27A-25E5-4F92-AC29-136AF0B33037}.Release|Any CPU.ActiveCfg = Release|Any CPU
		{9E89B27A-25E5-4F92-AC29-136AF0B33037}.Release|Any CPU.Build.0 = Release|Any CPU
		{4D0D1A58-CF94-426C-A571-3BE102678900}.Debug|Any CPU.ActiveCfg = Debug|Any CPU
		{4D0D1A58-CF94-426C-A571-3BE102678900}.Debug|Any CPU.Build.0 = Debug|Any CPU
		{4D0D1A58-CF94-426C-A571-3BE102678900}.Release|Any CPU.ActiveCfg = Release|Any CPU
		{4D0D1A58-CF94-426C-A571-3BE102678900}.Release|Any CPU.Build.0 = Release|Any CPU
		{1CAF0522-B45A-4B0B-8B78-E3662503D87E}.Debug|Any CPU.ActiveCfg = Debug|Any CPU
		{1CAF0522-B45A-4B0B-8B78-E3662503D87E}.Debug|Any CPU.Build.0 = Debug|Any CPU
		{1CAF0522-B45A-4B0B-8B78-E3662503D87E}.Release|Any CPU.ActiveCfg = Release|Any CPU
		{1CAF0522-B45A-4B0B-8B78-E3662503D87E}.Release|Any CPU.Build.0 = Release|Any CPU
		{001FFAAE-D5E4-470C-B343-EC9D35702630}.Debug|Any CPU.ActiveCfg = Debug|Any CPU
		{001FFAAE-D5E4-470C-B343-EC9D35702630}.Debug|Any CPU.Build.0 = Debug|Any CPU
		{001FFAAE-D5E4-470C-B343-EC9D35702630}.Release|Any CPU.ActiveCfg = Release|Any CPU
		{001FFAAE-D5E4-470C-B343-EC9D35702630}.Release|Any CPU.Build.0 = Release|Any CPU
		{86E1F509-A8B5-466B-9C75-FF8C506C8F5B}.Debug|Any CPU.ActiveCfg = Debug|Any CPU
		{86E1F509-A8B5-466B-9C75-FF8C506C8F5B}.Debug|Any CPU.Build.0 = Debug|Any CPU
		{86E1F509-A8B5-466B-9C75-FF8C506C8F5B}.Release|Any CPU.ActiveCfg = Release|Any CPU
		{86E1F509-A8B5-466B-9C75-FF8C506C8F5B}.Release|Any CPU.Build.0 = Release|Any CPU
		{7C784C93-6AB5-4342-B916-7E3A0886398E}.Debug|Any CPU.ActiveCfg = Debug|Any CPU
		{7C784C93-6AB5-4342-B916-7E3A0886398E}.Debug|Any CPU.Build.0 = Debug|Any CPU
		{7C784C93-6AB5-4342-B916-7E3A0886398E}.Release|Any CPU.ActiveCfg = Release|Any CPU
		{7C784C93-6AB5-4342-B916-7E3A0886398E}.Release|Any CPU.Build.0 = Release|Any CPU
		{1DA396B1-5A18-4779-B902-C893FA2DEBB9}.Debug|Any CPU.ActiveCfg = Debug|Any CPU
		{1DA396B1-5A18-4779-B902-C893FA2DEBB9}.Debug|Any CPU.Build.0 = Debug|Any CPU
		{1DA396B1-5A18-4779-B902-C893FA2DEBB9}.Release|Any CPU.ActiveCfg = Release|Any CPU
		{1DA396B1-5A18-4779-B902-C893FA2DEBB9}.Release|Any CPU.Build.0 = Release|Any CPU
		{50F81B10-EFA0-4983-BCCF-9978EDB91A02}.Debug|Any CPU.ActiveCfg = Debug|Any CPU
		{50F81B10-EFA0-4983-BCCF-9978EDB91A02}.Debug|Any CPU.Build.0 = Debug|Any CPU
		{50F81B10-EFA0-4983-BCCF-9978EDB91A02}.Release|Any CPU.ActiveCfg = Release|Any CPU
		{50F81B10-EFA0-4983-BCCF-9978EDB91A02}.Release|Any CPU.Build.0 = Release|Any CPU
		{730CFEFF-790E-41B7-A43C-4B231DEBBDFE}.Debug|Any CPU.ActiveCfg = Debug|Any CPU
		{730CFEFF-790E-41B7-A43C-4B231DEBBDFE}.Debug|Any CPU.Build.0 = Debug|Any CPU
		{730CFEFF-790E-41B7-A43C-4B231DEBBDFE}.Release|Any CPU.ActiveCfg = Release|Any CPU
		{730CFEFF-790E-41B7-A43C-4B231DEBBDFE}.Release|Any CPU.Build.0 = Release|Any CPU
		{2DE10180-3C10-4CCC-B61C-99450FD94256}.Debug|Any CPU.ActiveCfg = Debug|Any CPU
		{2DE10180-3C10-4CCC-B61C-99450FD94256}.Debug|Any CPU.Build.0 = Debug|Any CPU
		{2DE10180-3C10-4CCC-B61C-99450FD94256}.Release|Any CPU.ActiveCfg = Release|Any CPU
		{2DE10180-3C10-4CCC-B61C-99450FD94256}.Release|Any CPU.Build.0 = Release|Any CPU
		{3159AD36-F464-474D-8CBA-C4E1FB1EE61B}.Debug|Any CPU.ActiveCfg = Debug|Any CPU
		{3159AD36-F464-474D-8CBA-C4E1FB1EE61B}.Debug|Any CPU.Build.0 = Debug|Any CPU
		{3159AD36-F464-474D-8CBA-C4E1FB1EE61B}.Release|Any CPU.ActiveCfg = Release|Any CPU
		{3159AD36-F464-474D-8CBA-C4E1FB1EE61B}.Release|Any CPU.Build.0 = Release|Any CPU
		{E782856A-E8C2-4BE4-B4BA-7FDE3911F1CA}.Debug|Any CPU.ActiveCfg = Debug|Any CPU
		{E782856A-E8C2-4BE4-B4BA-7FDE3911F1CA}.Debug|Any CPU.Build.0 = Debug|Any CPU
		{E782856A-E8C2-4BE4-B4BA-7FDE3911F1CA}.Release|Any CPU.ActiveCfg = Release|Any CPU
		{E782856A-E8C2-4BE4-B4BA-7FDE3911F1CA}.Release|Any CPU.Build.0 = Release|Any CPU
		{807D2092-41C1-44BF-9449-14CD1DCD4F30}.Debug|Any CPU.ActiveCfg = Debug|Any CPU
		{807D2092-41C1-44BF-9449-14CD1DCD4F30}.Debug|Any CPU.Build.0 = Debug|Any CPU
		{807D2092-41C1-44BF-9449-14CD1DCD4F30}.Release|Any CPU.ActiveCfg = Release|Any CPU
		{807D2092-41C1-44BF-9449-14CD1DCD4F30}.Release|Any CPU.Build.0 = Release|Any CPU
		{48E02B9D-10B0-471E-ACA3-CB592917E20D}.Debug|Any CPU.ActiveCfg = Debug|Any CPU
		{48E02B9D-10B0-471E-ACA3-CB592917E20D}.Debug|Any CPU.Build.0 = Debug|Any CPU
		{48E02B9D-10B0-471E-ACA3-CB592917E20D}.Release|Any CPU.ActiveCfg = Release|Any CPU
		{48E02B9D-10B0-471E-ACA3-CB592917E20D}.Release|Any CPU.Build.0 = Release|Any CPU
		{47DC4558-7849-46EA-A20E-8390E3F65DC2}.Debug|Any CPU.ActiveCfg = Debug|Any CPU
		{47DC4558-7849-46EA-A20E-8390E3F65DC2}.Debug|Any CPU.Build.0 = Debug|Any CPU
		{47DC4558-7849-46EA-A20E-8390E3F65DC2}.Release|Any CPU.ActiveCfg = Release|Any CPU
		{47DC4558-7849-46EA-A20E-8390E3F65DC2}.Release|Any CPU.Build.0 = Release|Any CPU
		{ADE3AF0A-82DD-4B37-9F27-A35140924EF5}.Debug|Any CPU.ActiveCfg = Debug|Any CPU
		{ADE3AF0A-82DD-4B37-9F27-A35140924EF5}.Debug|Any CPU.Build.0 = Debug|Any CPU
		{ADE3AF0A-82DD-4B37-9F27-A35140924EF5}.Release|Any CPU.ActiveCfg = Release|Any CPU
		{ADE3AF0A-82DD-4B37-9F27-A35140924EF5}.Release|Any CPU.Build.0 = Release|Any CPU
		{D425EB07-C4ED-4879-AD29-D11E92F95647}.Debug|Any CPU.ActiveCfg = Debug|Any CPU
		{D425EB07-C4ED-4879-AD29-D11E92F95647}.Debug|Any CPU.Build.0 = Debug|Any CPU
		{D425EB07-C4ED-4879-AD29-D11E92F95647}.Release|Any CPU.ActiveCfg = Release|Any CPU
		{D425EB07-C4ED-4879-AD29-D11E92F95647}.Release|Any CPU.Build.0 = Release|Any CPU
		{996709D9-007B-4D86-B1BF-66554BB9B03A}.Debug|Any CPU.ActiveCfg = Debug|Any CPU
		{996709D9-007B-4D86-B1BF-66554BB9B03A}.Debug|Any CPU.Build.0 = Debug|Any CPU
		{996709D9-007B-4D86-B1BF-66554BB9B03A}.Release|Any CPU.ActiveCfg = Release|Any CPU
		{996709D9-007B-4D86-B1BF-66554BB9B03A}.Release|Any CPU.Build.0 = Release|Any CPU
		{63E31B12-08D8-44C8-ACCF-D00F11518642}.Debug|Any CPU.ActiveCfg = Debug|Any CPU
		{63E31B12-08D8-44C8-ACCF-D00F11518642}.Debug|Any CPU.Build.0 = Debug|Any CPU
		{63E31B12-08D8-44C8-ACCF-D00F11518642}.Release|Any CPU.ActiveCfg = Release|Any CPU
		{63E31B12-08D8-44C8-ACCF-D00F11518642}.Release|Any CPU.Build.0 = Release|Any CPU
		{DCEA3857-E2AF-4118-B52B-C966E00DE18A}.Debug|Any CPU.ActiveCfg = Debug|Any CPU
		{DCEA3857-E2AF-4118-B52B-C966E00DE18A}.Debug|Any CPU.Build.0 = Debug|Any CPU
		{DCEA3857-E2AF-4118-B52B-C966E00DE18A}.Release|Any CPU.ActiveCfg = Release|Any CPU
		{DCEA3857-E2AF-4118-B52B-C966E00DE18A}.Release|Any CPU.Build.0 = Release|Any CPU
		{8C127211-7B9C-407B-8D78-859C5A366DF1}.Debug|Any CPU.ActiveCfg = Debug|Any CPU
		{8C127211-7B9C-407B-8D78-859C5A366DF1}.Debug|Any CPU.Build.0 = Debug|Any CPU
		{8C127211-7B9C-407B-8D78-859C5A366DF1}.Release|Any CPU.ActiveCfg = Release|Any CPU
		{8C127211-7B9C-407B-8D78-859C5A366DF1}.Release|Any CPU.Build.0 = Release|Any CPU
		{28F7CFCB-1366-4291-B09E-5AF38E203D57}.Debug|Any CPU.ActiveCfg = Debug|Any CPU
		{28F7CFCB-1366-4291-B09E-5AF38E203D57}.Debug|Any CPU.Build.0 = Debug|Any CPU
		{28F7CFCB-1366-4291-B09E-5AF38E203D57}.Release|Any CPU.ActiveCfg = Release|Any CPU
		{28F7CFCB-1366-4291-B09E-5AF38E203D57}.Release|Any CPU.Build.0 = Release|Any CPU
		{EEA1043D-1F5D-40AE-B1D0-7EF3DDCB6978}.Debug|Any CPU.ActiveCfg = Debug|Any CPU
		{EEA1043D-1F5D-40AE-B1D0-7EF3DDCB6978}.Debug|Any CPU.Build.0 = Debug|Any CPU
		{EEA1043D-1F5D-40AE-B1D0-7EF3DDCB6978}.Release|Any CPU.ActiveCfg = Release|Any CPU
		{EEA1043D-1F5D-40AE-B1D0-7EF3DDCB6978}.Release|Any CPU.Build.0 = Release|Any CPU
		{BA8EB893-8BAD-4B1E-B709-A4D18D56733F}.Debug|Any CPU.ActiveCfg = Debug|Any CPU
		{BA8EB893-8BAD-4B1E-B709-A4D18D56733F}.Debug|Any CPU.Build.0 = Debug|Any CPU
		{BA8EB893-8BAD-4B1E-B709-A4D18D56733F}.Release|Any CPU.ActiveCfg = Release|Any CPU
		{BA8EB893-8BAD-4B1E-B709-A4D18D56733F}.Release|Any CPU.Build.0 = Release|Any CPU
		{18086DC2-072A-4528-9B4B-36E2A60C99AD}.Debug|Any CPU.ActiveCfg = Debug|Any CPU
		{18086DC2-072A-4528-9B4B-36E2A60C99AD}.Debug|Any CPU.Build.0 = Debug|Any CPU
		{18086DC2-072A-4528-9B4B-36E2A60C99AD}.Release|Any CPU.ActiveCfg = Release|Any CPU
		{18086DC2-072A-4528-9B4B-36E2A60C99AD}.Release|Any CPU.Build.0 = Release|Any CPU
		{5E1193CB-8C87-49E0-B709-12274FA977D2}.Debug|Any CPU.ActiveCfg = Debug|Any CPU
		{5E1193CB-8C87-49E0-B709-12274FA977D2}.Debug|Any CPU.Build.0 = Debug|Any CPU
		{5E1193CB-8C87-49E0-B709-12274FA977D2}.Release|Any CPU.ActiveCfg = Release|Any CPU
		{5E1193CB-8C87-49E0-B709-12274FA977D2}.Release|Any CPU.Build.0 = Release|Any CPU
		{1B7487A0-5DB9-4659-912B-D7DE5EC77267}.Debug|Any CPU.ActiveCfg = Debug|Any CPU
		{1B7487A0-5DB9-4659-912B-D7DE5EC77267}.Debug|Any CPU.Build.0 = Debug|Any CPU
		{1B7487A0-5DB9-4659-912B-D7DE5EC77267}.Release|Any CPU.ActiveCfg = Release|Any CPU
		{1B7487A0-5DB9-4659-912B-D7DE5EC77267}.Release|Any CPU.Build.0 = Release|Any CPU
		{A94190EC-3CB8-45F4-AD94-F82218048D9C}.Debug|Any CPU.ActiveCfg = Debug|Any CPU
		{A94190EC-3CB8-45F4-AD94-F82218048D9C}.Debug|Any CPU.Build.0 = Debug|Any CPU
		{A94190EC-3CB8-45F4-AD94-F82218048D9C}.Release|Any CPU.ActiveCfg = Release|Any CPU
		{A94190EC-3CB8-45F4-AD94-F82218048D9C}.Release|Any CPU.Build.0 = Release|Any CPU
		{9AD5078F-0623-44B4-992A-3170563931BF}.Debug|Any CPU.ActiveCfg = Debug|Any CPU
		{9AD5078F-0623-44B4-992A-3170563931BF}.Debug|Any CPU.Build.0 = Debug|Any CPU
		{9AD5078F-0623-44B4-992A-3170563931BF}.Release|Any CPU.ActiveCfg = Release|Any CPU
		{9AD5078F-0623-44B4-992A-3170563931BF}.Release|Any CPU.Build.0 = Release|Any CPU
		{0612568D-621E-4F22-AE55-FF5468FEEABC}.Debug|Any CPU.ActiveCfg = Debug|Any CPU
		{0612568D-621E-4F22-AE55-FF5468FEEABC}.Debug|Any CPU.Build.0 = Debug|Any CPU
		{0612568D-621E-4F22-AE55-FF5468FEEABC}.Release|Any CPU.ActiveCfg = Release|Any CPU
		{0612568D-621E-4F22-AE55-FF5468FEEABC}.Release|Any CPU.Build.0 = Release|Any CPU
		{571492DF-D0DE-4D64-8F0A-B92726F4F18A}.Debug|Any CPU.ActiveCfg = Debug|Any CPU
		{571492DF-D0DE-4D64-8F0A-B92726F4F18A}.Debug|Any CPU.Build.0 = Debug|Any CPU
		{571492DF-D0DE-4D64-8F0A-B92726F4F18A}.Release|Any CPU.ActiveCfg = Release|Any CPU
		{571492DF-D0DE-4D64-8F0A-B92726F4F18A}.Release|Any CPU.Build.0 = Release|Any CPU
		{9C263253-69BF-413D-8169-531B19E89877}.Debug|Any CPU.ActiveCfg = Debug|Any CPU
		{9C263253-69BF-413D-8169-531B19E89877}.Debug|Any CPU.Build.0 = Debug|Any CPU
		{9C263253-69BF-413D-8169-531B19E89877}.Release|Any CPU.ActiveCfg = Release|Any CPU
		{9C263253-69BF-413D-8169-531B19E89877}.Release|Any CPU.Build.0 = Release|Any CPU
		{71CDF183-7FE5-4FE6-987F-29AD92412A61}.Debug|Any CPU.ActiveCfg = Debug|Any CPU
		{71CDF183-7FE5-4FE6-987F-29AD92412A61}.Debug|Any CPU.Build.0 = Debug|Any CPU
		{71CDF183-7FE5-4FE6-987F-29AD92412A61}.Release|Any CPU.ActiveCfg = Release|Any CPU
		{71CDF183-7FE5-4FE6-987F-29AD92412A61}.Release|Any CPU.Build.0 = Release|Any CPU
		{E2B04A36-D459-46DF-BE8F-CCFD8F2EFBC1}.Debug|Any CPU.ActiveCfg = Debug|Any CPU
		{E2B04A36-D459-46DF-BE8F-CCFD8F2EFBC1}.Debug|Any CPU.Build.0 = Debug|Any CPU
		{E2B04A36-D459-46DF-BE8F-CCFD8F2EFBC1}.Release|Any CPU.ActiveCfg = Release|Any CPU
		{E2B04A36-D459-46DF-BE8F-CCFD8F2EFBC1}.Release|Any CPU.Build.0 = Release|Any CPU
	EndGlobalSection
	GlobalSection(SolutionProperties) = preSolution
		HideSolutionNode = FALSE
	EndGlobalSection
	GlobalSection(ExtensibilityGlobals) = postSolution
		SolutionGuid = {D1815C20-CFA4-4A9E-93D9-0F7C5158047E}
	EndGlobalSection
EndGlobal
